{
  "version": 4,
  "terraform_version": "1.14.5",
  "serial": 71,
  "lineage": "fed08e54-e554-c10d-c572-262805d3c77c",
  "outputs": {},
  "resources": [
    {
      "mode": "data",
      "type": "aws_caller_identity",
      "name": "current",
      "provider": "provider[\"registry.terraform.io/hashicorp/aws\"]",
      "instances": [
        {
          "schema_version": 0,
          "attributes": {
            "account_id": "079390753901",
            "arn": "arn:aws:sts::079390753901:assumed-role/GitHubActionsTerraformRole/GitHubActions",
            "id": "079390753901",
            "user_id": "AROARE7AOYRWQDSQWUMMX:GitHubActions"
          },
          "sensitive_attributes": [],
          "identity_schema_version": 0
        }
      ]
    },
    {
      "mode": "data",
      "type": "aws_iam_policy_document",
      "name": "central_log_key_policy",
      "provider": "provider[\"registry.terraform.io/hashicorp/aws\"].log_archive",
      "instances": [
        {
          "schema_version": 0,
          "attributes": {
            "id": "3609866305",
            "json": "{\n  \"Version\": \"2012-10-17\",\n  \"Statement\": [\n    {\n      \"Sid\": \"EnableIAMUserPermissions\",\n      \"Effect\": \"Allow\",\n      \"Action\": \"kms:*\",\n      \"Resource\": \"*\",\n      \"Principal\": {\n        \"AWS\": \"arn:aws:iam::469659252241:root\"\n      }\n    },\n    {\n      \"Sid\": \"AllowCloudWatchLogsAcrossOrg\",\n      \"Effect\": \"Allow\",\n      \"Action\": [\n        \"kms:ReEncrypt*\",\n        \"kms:GenerateDataKey*\",\n        \"kms:Encrypt*\",\n        \"kms:Describe*\",\n        \"kms:Decrypt*\"\n      ],\n      \"Resource\": \"*\",\n      \"Principal\": {\n        \"Service\": \"logs.us-east-1.amazonaws.com\"\n      },\n      \"Condition\": {\n        \"ArnLike\": {\n          \"kms:EncryptionContext:aws:logs:arn\": [\n            \"arn:aws:logs:us-east-1:079390753901:*\",\n            \"arn:aws:logs:us-east-1:469659252241:*\"\n          ]\n        }\n      }\n    },\n    {\n      \"Sid\": \"AllowCloudTrailToEncryptLogs\",\n      \"Effect\": \"Allow\",\n      \"Action\": [\n        \"kms:GenerateDataKey*\",\n        \"kms:DescribeKey\",\n        \"kms:Decrypt\"\n      ],\n      \"Resource\": \"*\",\n      \"Principal\": {\n        \"Service\": \"cloudtrail.amazonaws.com\"\n      },\n      \"Condition\": {\n        \"StringLike\": {\n          \"kms:EncryptionContext:aws:cloudtrail:arn\": \"arn:aws:cloudtrail:*:079390753901:trail/*\"\n        }\n      }\n    }\n  ]\n}",
            "minified_json": "{\"Version\":\"2012-10-17\",\"Statement\":[{\"Sid\":\"EnableIAMUserPermissions\",\"Effect\":\"Allow\",\"Action\":\"kms:*\",\"Resource\":\"*\",\"Principal\":{\"AWS\":\"arn:aws:iam::469659252241:root\"}},{\"Sid\":\"AllowCloudWatchLogsAcrossOrg\",\"Effect\":\"Allow\",\"Action\":[\"kms:ReEncrypt*\",\"kms:GenerateDataKey*\",\"kms:Encrypt*\",\"kms:Describe*\",\"kms:Decrypt*\"],\"Resource\":\"*\",\"Principal\":{\"Service\":\"logs.us-east-1.amazonaws.com\"},\"Condition\":{\"ArnLike\":{\"kms:EncryptionContext:aws:logs:arn\":[\"arn:aws:logs:us-east-1:079390753901:*\",\"arn:aws:logs:us-east-1:469659252241:*\"]}}},{\"Sid\":\"AllowCloudTrailToEncryptLogs\",\"Effect\":\"Allow\",\"Action\":[\"kms:GenerateDataKey*\",\"kms:DescribeKey\",\"kms:Decrypt\"],\"Resource\":\"*\",\"Principal\":{\"Service\":\"cloudtrail.amazonaws.com\"},\"Condition\":{\"StringLike\":{\"kms:EncryptionContext:aws:cloudtrail:arn\":\"arn:aws:cloudtrail:*:079390753901:trail/*\"}}}]}",
            "override_json": null,
            "override_policy_documents": null,
            "policy_id": null,
            "source_json": null,
            "source_policy_documents": null,
            "statement": [
              {
                "actions": [
                  "kms:*"
                ],
                "condition": [],
                "effect": "Allow",
                "not_actions": [],
                "not_principals": [],
                "not_resources": [],
                "principals": [
                  {
                    "identifiers": [
                      "arn:aws:iam::469659252241:root"
                    ],
                    "type": "AWS"
                  }
                ],
                "resources": [
                  "*"
                ],
                "sid": "EnableIAMUserPermissions"
              },
              {
                "actions": [
                  "kms:Decrypt*",
                  "kms:Describe*",
                  "kms:Encrypt*",
                  "kms:GenerateDataKey*",
                  "kms:ReEncrypt*"
                ],
                "condition": [
                  {
                    "test": "ArnLike",
                    "values": [
                      "arn:aws:logs:us-east-1:079390753901:*",
                      "arn:aws:logs:us-east-1:469659252241:*"
                    ],
                    "variable": "kms:EncryptionContext:aws:logs:arn"
                  }
                ],
                "effect": "Allow",
                "not_actions": [],
                "not_principals": [],
                "not_resources": [],
                "principals": [
                  {
                    "identifiers": [
                      "logs.us-east-1.amazonaws.com"
                    ],
                    "type": "Service"
                  }
                ],
                "resources": [
                  "*"
                ],
                "sid": "AllowCloudWatchLogsAcrossOrg"
              },
              {
                "actions": [
                  "kms:Decrypt",
                  "kms:DescribeKey",
                  "kms:GenerateDataKey*"
                ],
                "condition": [
                  {
                    "test": "StringLike",
                    "values": [
                      "arn:aws:cloudtrail:*:079390753901:trail/*"
                    ],
                    "variable": "kms:EncryptionContext:aws:cloudtrail:arn"
                  }
                ],
                "effect": "Allow",
                "not_actions": [],
                "not_principals": [],
                "not_resources": [],
                "principals": [
                  {
                    "identifiers": [
                      "cloudtrail.amazonaws.com"
                    ],
                    "type": "Service"
                  }
                ],
                "resources": [
                  "*"
                ],
                "sid": "AllowCloudTrailToEncryptLogs"
              }
            ],
            "version": "2012-10-17"
          },
          "sensitive_attributes": [],
          "identity_schema_version": 0
        }
      ]
    },
    {
      "mode": "data",
      "type": "aws_iam_policy_document",
      "name": "log_archive_storage_key_policy",
      "provider": "provider[\"registry.terraform.io/hashicorp/aws\"].log_archive",
      "instances": [
        {
          "schema_version": 0,
          "attributes": {
            "id": "1998395371",
            "json": "{\n  \"Version\": \"2012-10-17\",\n  \"Statement\": [\n    {\n      \"Sid\": \"Enable IAM User Permissions\",\n      \"Effect\": \"Allow\",\n      \"Action\": \"kms:*\",\n      \"Resource\": \"*\",\n      \"Principal\": {\n        \"AWS\": \"arn:aws:iam::469659252241:root\"\n      }\n    }\n  ]\n}",
            "minified_json": "{\"Version\":\"2012-10-17\",\"Statement\":[{\"Sid\":\"Enable IAM User Permissions\",\"Effect\":\"Allow\",\"Action\":\"kms:*\",\"Resource\":\"*\",\"Principal\":{\"AWS\":\"arn:aws:iam::469659252241:root\"}}]}",
            "override_json": null,
            "override_policy_documents": null,
            "policy_id": null,
            "source_json": null,
            "source_policy_documents": null,
            "statement": [
              {
                "actions": [
                  "kms:*"
                ],
                "condition": [],
                "effect": "Allow",
                "not_actions": [],
                "not_principals": [],
                "not_resources": [],
                "principals": [
                  {
                    "identifiers": [
                      "arn:aws:iam::469659252241:root"
                    ],
                    "type": "AWS"
                  }
                ],
                "resources": [
                  "*"
                ],
                "sid": "Enable IAM User Permissions"
              }
            ],
            "version": "2012-10-17"
          },
          "sensitive_attributes": [],
          "identity_schema_version": 0
        }
      ]
    },
    {
      "mode": "data",
      "type": "aws_iam_policy_document",
      "name": "scp_protect_logging",
      "provider": "provider[\"registry.terraform.io/hashicorp/aws\"]",
      "instances": [
        {
          "schema_version": 0,
          "attributes": {
            "id": "3594600846",
            "json": "{\n  \"Version\": \"2012-10-17\",\n  \"Statement\": [\n    {\n      \"Sid\": \"PreventLogDeletion\",\n      \"Effect\": \"Deny\",\n      \"Action\": \"logs:DeleteLogGroup\",\n      \"Resource\": \"*\",\n      \"Condition\": {\n        \"StringNotLike\": {\n          \"aws:PrincipalArn\": \"arn:aws:iam::*:role/OrganizationAccountAccessRole\"\n        }\n      }\n    },\n    {\n      \"Sid\": \"PreventCentralKeyTampering\",\n      \"Effect\": \"Deny\",\n      \"Action\": [\n        \"kms:ScheduleKeyDeletion\",\n        \"kms:PutKeyPolicy\",\n        \"kms:DisableKey\"\n      ],\n      \"Resource\": \"arn:aws:kms:us-east-1:469659252241:key/076540f3-1d41-4604-b16f-0b5948f54fe7\",\n      \"Condition\": {\n        \"StringNotLike\": {\n          \"aws:PrincipalArn\": \"arn:aws:iam::*:role/OrganizationAccountAccessRole\"\n        }\n      }\n    },\n    {\n      \"Sid\": \"EnforceSecureTransportS3\",\n      \"Effect\": \"Deny\",\n      \"Action\": \"s3:*\",\n      \"Resource\": \"*\",\n      \"Condition\": {\n        \"Bool\": {\n          \"aws:SecureTransport\": \"false\"\n        }\n      }\n    }\n  ]\n}",
            "minified_json": "{\"Version\":\"2012-10-17\",\"Statement\":[{\"Sid\":\"PreventLogDeletion\",\"Effect\":\"Deny\",\"Action\":\"logs:DeleteLogGroup\",\"Resource\":\"*\",\"Condition\":{\"StringNotLike\":{\"aws:PrincipalArn\":\"arn:aws:iam::*:role/OrganizationAccountAccessRole\"}}},{\"Sid\":\"PreventCentralKeyTampering\",\"Effect\":\"Deny\",\"Action\":[\"kms:ScheduleKeyDeletion\",\"kms:PutKeyPolicy\",\"kms:DisableKey\"],\"Resource\":\"arn:aws:kms:us-east-1:469659252241:key/076540f3-1d41-4604-b16f-0b5948f54fe7\",\"Condition\":{\"StringNotLike\":{\"aws:PrincipalArn\":\"arn:aws:iam::*:role/OrganizationAccountAccessRole\"}}},{\"Sid\":\"EnforceSecureTransportS3\",\"Effect\":\"Deny\",\"Action\":\"s3:*\",\"Resource\":\"*\",\"Condition\":{\"Bool\":{\"aws:SecureTransport\":\"false\"}}}]}",
            "override_json": null,
            "override_policy_documents": null,
            "policy_id": null,
            "source_json": null,
            "source_policy_documents": null,
            "statement": [
              {
                "actions": [
                  "logs:DeleteLogGroup"
                ],
                "condition": [
                  {
                    "test": "StringNotLike",
                    "values": [
                      "arn:aws:iam::*:role/OrganizationAccountAccessRole"
                    ],
                    "variable": "aws:PrincipalArn"
                  }
                ],
                "effect": "Deny",
                "not_actions": [],
                "not_principals": [],
                "not_resources": [],
                "principals": [],
                "resources": [
                  "*"
                ],
                "sid": "PreventLogDeletion"
              },
              {
                "actions": [
                  "kms:DisableKey",
                  "kms:PutKeyPolicy",
                  "kms:ScheduleKeyDeletion"
                ],
                "condition": [
                  {
                    "test": "StringNotLike",
                    "values": [
                      "arn:aws:iam::*:role/OrganizationAccountAccessRole"
                    ],
                    "variable": "aws:PrincipalArn"
                  }
                ],
                "effect": "Deny",
                "not_actions": [],
                "not_principals": [],
                "not_resources": [],
                "principals": [],
                "resources": [
                  "arn:aws:kms:us-east-1:469659252241:key/076540f3-1d41-4604-b16f-0b5948f54fe7"
                ],
                "sid": "PreventCentralKeyTampering"
              },
              {
                "actions": [
                  "s3:*"
                ],
                "condition": [
                  {
                    "test": "Bool",
                    "values": [
                      "false"
                    ],
                    "variable": "aws:SecureTransport"
                  }
                ],
                "effect": "Deny",
                "not_actions": [],
                "not_principals": [],
                "not_resources": [],
                "principals": [],
                "resources": [
                  "*"
                ],
                "sid": "EnforceSecureTransportS3"
              }
            ],
            "version": "2012-10-17"
          },
          "sensitive_attributes": [],
          "identity_schema_version": 0
        }
      ]
    },
    {
      "mode": "data",
      "type": "aws_identitystore_user",
      "name": "admin_user",
      "provider": "provider[\"registry.terraform.io/hashicorp/aws\"]",
      "instances": [
        {
          "schema_version": 0,
          "attributes": {
            "addresses": [],
            "alternate_identifier": [
              {
                "external_id": [],
                "unique_attribute": [
                  {
                    "attribute_path": "UserName",
                    "attribute_value": "james.freeman"
                  }
                ]
              }
            ],
            "display_name": "James Freeman",
            "emails": [
              {
                "primary": true,
                "type": "work",
                "value": "freemanje3.iac@gmail.com"
              }
            ],
            "external_ids": [],
            "id": "84f84498-1041-7010-4b82-f5cd7e5a9dc3",
            "identity_store_id": "d-9066039632",
            "locale": "",
            "name": [
              {
                "family_name": "Freeman",
                "formatted": "",
                "given_name": "James",
                "honorific_prefix": "",
                "honorific_suffix": "",
                "middle_name": ""
              }
            ],
            "nickname": "",
            "phone_numbers": [],
            "preferred_language": "",
            "profile_url": "",
            "region": "us-east-1",
            "timezone": "",
            "title": "",
            "user_id": "84f84498-1041-7010-4b82-f5cd7e5a9dc3",
            "user_name": "james.freeman",
            "user_type": ""
          },
          "sensitive_attributes": [],
          "identity_schema_version": 0
        }
      ]
    },
    {
      "mode": "data",
      "type": "aws_ssoadmin_instances",
      "name": "main",
      "provider": "provider[\"registry.terraform.io/hashicorp/aws\"]",
      "instances": [
        {
          "schema_version": 0,
          "attributes": {
            "arns": [
              "arn:aws:sso:::instance/ssoins-7223f8c584d3b2cf"
            ],
            "id": "us-east-1",
            "identity_store_ids": [
              "d-9066039632"
            ],
            "region": "us-east-1"
          },
          "sensitive_attributes": [],
          "identity_schema_version": 0
        }
      ]
    },
    {
      "mode": "data",
      "type": "aws_vpc",
      "name": "management_vpc",
      "provider": "provider[\"registry.terraform.io/hashicorp/aws\"]",
      "instances": [
        {
          "schema_version": 0,
          "attributes": {
            "arn": "arn:aws:ec2:us-east-1:079390753901:vpc/vpc-0507cfc07a1451a1b",
            "cidr_block": "10.0.0.0/16",
            "cidr_block_associations": [
              {
                "association_id": "vpc-cidr-assoc-0c9d1851b5bba5214",
                "cidr_block": "10.0.0.0/16",
                "state": "associated"
              }
            ],
            "default": false,
            "dhcp_options_id": "dopt-0d98bedb489017153",
            "enable_dns_hostnames": true,
            "enable_dns_support": true,
            "enable_network_address_usage_metrics": false,
            "filter": null,
            "id": "vpc-0507cfc07a1451a1b",
            "instance_tenancy": "default",
            "ipv6_association_id": "",
            "ipv6_cidr_block": "",
            "main_route_table_id": "rtb-0d46e2438459411d8",
            "owner_id": "079390753901",
            "region": "us-east-1",
            "state": null,
            "tags": {},
            "timeouts": null
          },
          "sensitive_attributes": [],
          "identity_schema_version": 0
        }
      ]
    },
    {
      "mode": "managed",
      "type": "aws_cloudtrail",
      "name": "org_trail",
      "provider": "provider[\"registry.terraform.io/hashicorp/aws\"]",
      "instances": [
        {
          "schema_version": 1,
          "attributes": {
            "advanced_event_selector": [],
            "arn": "arn:aws:cloudtrail:us-east-1:079390753901:trail/organization-master-trail",
            "cloud_watch_logs_group_arn": "arn:aws:logs:us-east-1:079390753901:log-group:/aws/cloudtrail/organization-trail:*",
            "cloud_watch_logs_role_arn": "arn:aws:iam::079390753901:role/CloudTrailToCloudWatchLogsRole",
            "enable_log_file_validation": true,
            "enable_logging": true,
            "event_selector": [],
            "home_region": "us-east-1",
            "id": "arn:aws:cloudtrail:us-east-1:079390753901:trail/organization-master-trail",
            "include_global_service_events": true,
            "insight_selector": [],
            "is_multi_region_trail": true,
            "is_organization_trail": true,
            "kms_key_id": "arn:aws:kms:us-east-1:469659252241:key/076540f3-1d41-4604-b16f-0b5948f54fe7",
            "name": "organization-master-trail",
            "region": "us-east-1",
            "s3_bucket_name": "org-cloudtrail-vault-469659252241",
            "s3_key_prefix": "",
            "sns_topic_arn": "",
            "sns_topic_name": "",
            "tags": {},
            "tags_all": {}
          },
          "sensitive_attributes": [],
          "identity_schema_version": 0,
          "identity": {
            "arn": "arn:aws:cloudtrail:us-east-1:079390753901:trail/organization-master-trail"
          },
          "private": "eyJzY2hlbWFfdmVyc2lvbiI6IjEifQ==",
          "dependencies": [
            "aws_cloudwatch_log_group.org_cloudtrail_logs",
            "aws_iam_role.cloudtrail_to_cloudwatch",
            "aws_kms_key.central_log_key",
            "aws_organizations_account.log_archive",
            "aws_organizations_organization.org",
            "aws_organizations_organizational_unit.security",
            "aws_s3_bucket.org_cloudtrail_vault",
            "aws_s3_bucket_policy.org_cloudtrail_policy",
            "data.aws_caller_identity.current",
            "data.aws_iam_policy_document.central_log_key_policy",
            "data.aws_iam_policy_document.org_cloudtrail_vault_policy"
          ]
        }
      ]
    },
    {
      "mode": "managed",
      "type": "aws_cloudwatch_log_group",
      "name": "org_cloudtrail_logs",
      "provider": "provider[\"registry.terraform.io/hashicorp/aws\"]",
      "instances": [
        {
          "schema_version": 0,
          "attributes": {
            "arn": "arn:aws:logs:us-east-1:079390753901:log-group:/aws/cloudtrail/organization-trail",
            "deletion_protection_enabled": false,
            "id": "/aws/cloudtrail/organization-trail",
            "kms_key_id": "arn:aws:kms:us-east-1:469659252241:key/076540f3-1d41-4604-b16f-0b5948f54fe7",
            "log_group_class": "STANDARD",
            "name": "/aws/cloudtrail/organization-trail",
            "name_prefix": "",
            "region": "us-east-1",
            "retention_in_days": 90,
            "skip_destroy": false,
            "tags": {},
            "tags_all": {}
          },
          "sensitive_attributes": [],
          "identity_schema_version": 0,
          "identity": {
            "account_id": "079390753901",
            "name": "/aws/cloudtrail/organization-trail",
            "region": "us-east-1"
          },
          "private": "bnVsbA==",
          "dependencies": [
            "aws_kms_key.central_log_key",
            "aws_organizations_account.log_archive",
            "aws_organizations_organization.org",
            "aws_organizations_organizational_unit.security",
            "data.aws_caller_identity.current",
            "data.aws_iam_policy_document.central_log_key_policy"
          ]
        }
      ]
    },
    {
      "mode": "managed",
      "type": "aws_config_organization_conformance_pack",
      "name": "nist_800_53",
      "provider": "provider[\"registry.terraform.io/hashicorp/aws\"]",
      "instances": [
        {
          "status": "tainted",
          "schema_version": 0,
          "attributes": {
            "arn": "arn:aws:config:us-east-1:079390753901:organization-conformance-pack/NIST-800-53-Rev5-Operational-Best-Practices-8czlueva",
            "delivery_s3_bucket": "awsconfigconforms-org-delivery-469659252241",
            "delivery_s3_key_prefix": "",
            "excluded_accounts": [],
            "id": "NIST-800-53-Rev5-Operational-Best-Practices",
            "input_parameter": [],
            "name": "NIST-800-53-Rev5-Operational-Best-Practices",
            "region": "us-east-1",
            "template_body": "##################################################################################\n#\n#   Conformance Pack:\n#     Operational Best Practices for NIST 800-53 Rev5\n#\n#   This conformance pack helps verify compliance with NIST 800-53 Rev5 requirements.\n#\n#   See Parameters section for names and descriptions of required parameters.\n#\n##################################################################################\n\nParameters:\n  AccessKeysRotatedParamMaxAccessKeyAge:\n    Default: '90'\n    Type: String\n  AcmCertificateExpirationCheckParamDaysToExpiration:\n    Default: '90'\n    Type: String\n  CloudwatchAlarmActionCheckParamAlarmActionRequired:\n    Default: 'true'\n    Type: String\n  CloudwatchAlarmActionCheckParamInsufficientDataActionRequired:\n    Default: 'true'\n    Type: String\n  CloudwatchAlarmActionCheckParamOkActionRequired:\n    Default: 'false'\n    Type: String\n  IamCustomerPolicyBlockedKmsActionsParamBlockedActionsPatterns:\n    Default: kms:*, kms:Decrypt, kms:ReEncrypt*\n    Type: String\n  IamInlinePolicyBlockedKmsActionsParamBlockedActionsPatterns:\n    Default: kms:*, kms:Decrypt, kms:ReEncrypt*\n    Type: String\n  IamPasswordPolicyParamMaxPasswordAge:\n    Default: '90'\n    Type: String\n  IamPasswordPolicyParamMinimumPasswordLength:\n    Default: '14'\n    Type: String\n  IamPasswordPolicyParamPasswordReusePrevention:\n    Default: '24'\n    Type: String\n  IamPasswordPolicyParamRequireLowercaseCharacters:\n    Default: 'true'\n    Type: String\n  IamPasswordPolicyParamRequireNumbers:\n    Default: 'true'\n    Type: String\n  IamPasswordPolicyParamRequireSymbols:\n    Default: 'true'\n    Type: String\n  IamPasswordPolicyParamRequireUppercaseCharacters:\n    Default: 'true'\n    Type: String\n  IamUserUnusedCredentialsCheckParamMaxCredentialUsageAge:\n    Default: '90'\n    Type: String\n  RedshiftClusterConfigurationCheckParamClusterDbEncrypted:\n    Default: 'true'\n    Type: String\n  RedshiftClusterConfigurationCheckParamLoggingEnabled:\n    Default: 'TRUE'\n    Type: String\n  RedshiftClusterMaintenancesettingsCheckParamAllowVersionUpgrade:\n    Default: 'true'\n    Type: String\n  RestrictedIncomingTrafficParamBlockedPort1:\n    Default: '20'\n    Type: String\n  RestrictedIncomingTrafficParamBlockedPort2:\n    Default: '21'\n    Type: String\n  RestrictedIncomingTrafficParamBlockedPort3:\n    Default: '3389'\n    Type: String\n  RestrictedIncomingTrafficParamBlockedPort4:\n    Default: '3306'\n    Type: String\n  RestrictedIncomingTrafficParamBlockedPort5:\n    Default: '4333'\n    Type: String\n  S3AccountLevelPublicAccessBlocksPeriodicParamBlockPublicAcls:\n    Default: 'true'\n    Type: String\n  S3AccountLevelPublicAccessBlocksPeriodicParamBlockPublicPolicy:\n    Default: 'true'\n    Type: String\n  S3AccountLevelPublicAccessBlocksPeriodicParamIgnorePublicAcls:\n    Default: 'true'\n    Type: String\n  S3AccountLevelPublicAccessBlocksPeriodicParamRestrictPublicBuckets:\n    Default: 'true'\n    Type: String\n  VpcSgOpenOnlyToAuthorizedPortsParamAuthorizedTcpPorts:\n    Default: '443'\n    Type: String\nResources:\n  AccessKeysRotated:\n    Properties:\n      ConfigRuleName: access-keys-rotated\n      InputParameters:\n        maxAccessKeyAge:\n          Fn::If:\n          - accessKeysRotatedParamMaxAccessKeyAge\n          - Ref: AccessKeysRotatedParamMaxAccessKeyAge\n          - Ref: AWS::NoValue\n      Source:\n        Owner: AWS\n        SourceIdentifier: ACCESS_KEYS_ROTATED\n    Type: AWS::Config::ConfigRule\n  AccountPartOfOrganizations:\n    Properties:\n      ConfigRuleName: account-part-of-organizations\n      Source:\n        Owner: AWS\n        SourceIdentifier: ACCOUNT_PART_OF_ORGANIZATIONS\n    Type: AWS::Config::ConfigRule\n  AcmCertificateExpirationCheck:\n    Properties:\n      ConfigRuleName: acm-certificate-expiration-check\n      InputParameters:\n        daysToExpiration:\n          Fn::If:\n          - acmCertificateExpirationCheckParamDaysToExpiration\n          - Ref: AcmCertificateExpirationCheckParamDaysToExpiration\n          - Ref: AWS::NoValue\n      Scope:\n        ComplianceResourceTypes:\n        - AWS::ACM::Certificate\n      Source:\n        Owner: AWS\n        SourceIdentifier: ACM_CERTIFICATE_EXPIRATION_CHECK\n    Type: AWS::Config::ConfigRule\n  AlbHttpToHttpsRedirectionCheck:\n    Properties:\n      ConfigRuleName: alb-http-to-https-redirection-check\n      Source:\n        Owner: AWS\n        SourceIdentifier: ALB_HTTP_TO_HTTPS_REDIRECTION_CHECK\n    Type: AWS::Config::ConfigRule\n  AlbWafEnabled:\n    Properties:\n      ConfigRuleName: alb-waf-enabled\n      Scope:\n        ComplianceResourceTypes:\n        - AWS::ElasticLoadBalancingV2::LoadBalancer\n      Source:\n        Owner: AWS\n        SourceIdentifier: ALB_WAF_ENABLED\n    Type: AWS::Config::ConfigRule\n  ApiGwAssociatedWithWaf:\n    Properties:\n      ConfigRuleName: api-gw-associated-with-waf\n      Scope:\n        ComplianceResourceTypes:\n        - AWS::ApiGateway::Stage\n      Source:\n        Owner: AWS\n        SourceIdentifier: API_GW_ASSOCIATED_WITH_WAF\n    Type: AWS::Config::ConfigRule\n  ApiGwCacheEnabledAndEncrypted:\n    Properties:\n      ConfigRuleName: api-gw-cache-enabled-and-encrypted\n      Scope:\n        ComplianceResourceTypes:\n        - AWS::ApiGateway::Stage\n      Source:\n        Owner: AWS\n        SourceIdentifier: API_GW_CACHE_ENABLED_AND_ENCRYPTED\n    Type: AWS::Config::ConfigRule\n  ApiGwExecutionLoggingEnabled:\n    Properties:\n      ConfigRuleName: api-gw-execution-logging-enabled\n      Scope:\n        ComplianceResourceTypes:\n        - AWS::ApiGateway::Stage\n        - AWS::ApiGatewayV2::Stage\n      Source:\n        Owner: AWS\n        SourceIdentifier: API_GW_EXECUTION_LOGGING_ENABLED\n    Type: AWS::Config::ConfigRule\n  ApiGwSslEnabled:\n    Properties:\n      ConfigRuleName: api-gw-ssl-enabled\n      Scope:\n        ComplianceResourceTypes:\n        - AWS::ApiGateway::Stage\n      Source:\n        Owner: AWS\n        SourceIdentifier: API_GW_SSL_ENABLED\n    Type: AWS::Config::ConfigRule\n  AutoscalingGroupElbHealthcheckRequired:\n    Properties:\n      ConfigRuleName: autoscaling-group-elb-healthcheck-required\n      Scope:\n        ComplianceResourceTypes:\n        - AWS::AutoScaling::AutoScalingGroup\n      Source:\n        Owner: AWS\n        SourceIdentifier: AUTOSCALING_GROUP_ELB_HEALTHCHECK_REQUIRED\n    Type: AWS::Config::ConfigRule\n  AutoscalingLaunchConfigPublicIpDisabled:\n    Properties:\n      ConfigRuleName: autoscaling-launch-config-public-ip-disabled\n      Scope:\n        ComplianceResourceTypes:\n        - AWS::AutoScaling::LaunchConfiguration\n      Source:\n        Owner: AWS\n        SourceIdentifier: AUTOSCALING_LAUNCH_CONFIG_PUBLIC_IP_DISABLED\n    Type: AWS::Config::ConfigRule\n  BeanstalkEnhancedHealthReportingEnabled:\n    Properties:\n      ConfigRuleName: beanstalk-enhanced-health-reporting-enabled\n      Scope:\n        ComplianceResourceTypes:\n        - AWS::ElasticBeanstalk::Environment\n      Source:\n        Owner: AWS\n        SourceIdentifier: BEANSTALK_ENHANCED_HEALTH_REPORTING_ENABLED\n    Type: AWS::Config::ConfigRule\n  CloudTrailCloudWatchLogsEnabled:\n    Properties:\n      ConfigRuleName: cloud-trail-cloud-watch-logs-enabled\n      Source:\n        Owner: AWS\n        SourceIdentifier: CLOUD_TRAIL_CLOUD_WATCH_LOGS_ENABLED\n    Type: AWS::Config::ConfigRule\n  CloudTrailEnabled:\n    Properties:\n      ConfigRuleName: cloudtrail-enabled\n      Source:\n        Owner: AWS\n        SourceIdentifier: CLOUD_TRAIL_ENABLED\n    Type: AWS::Config::ConfigRule\n  CloudTrailEncryptionEnabled:\n    Properties:\n      ConfigRuleName: cloud-trail-encryption-enabled\n      Source:\n        Owner: AWS\n        SourceIdentifier: CLOUD_TRAIL_ENCRYPTION_ENABLED\n    Type: AWS::Config::ConfigRule\n  CloudTrailLogFileValidationEnabled:\n    Properties:\n      ConfigRuleName: cloud-trail-log-file-validation-enabled\n      Source:\n        Owner: AWS\n        SourceIdentifier: CLOUD_TRAIL_LOG_FILE_VALIDATION_ENABLED\n    Type: AWS::Config::ConfigRule\n  CloudtrailS3DataeventsEnabled:\n    Properties:\n      ConfigRuleName: cloudtrail-s3-dataevents-enabled\n      Source:\n        Owner: AWS\n        SourceIdentifier: CLOUDTRAIL_S3_DATAEVENTS_ENABLED\n    Type: AWS::Config::ConfigRule\n  CloudwatchAlarmActionCheck:\n    Properties:\n      ConfigRuleName: cloudwatch-alarm-action-check\n      InputParameters:\n        alarmActionRequired:\n          Fn::If:\n          - cloudwatchAlarmActionCheckParamAlarmActionRequired\n          - Ref: CloudwatchAlarmActionCheckParamAlarmActionRequired\n          - Ref: AWS::NoValue\n        insufficientDataActionRequired:\n          Fn::If:\n          - cloudwatchAlarmActionCheckParamInsufficientDataActionRequired\n          - Ref: CloudwatchAlarmActionCheckParamInsufficientDataActionRequired\n          - Ref: AWS::NoValue\n        okActionRequired:\n          Fn::If:\n          - cloudwatchAlarmActionCheckParamOkActionRequired\n          - Ref: CloudwatchAlarmActionCheckParamOkActionRequired\n          - Ref: AWS::NoValue\n      Scope:\n        ComplianceResourceTypes:\n        - AWS::CloudWatch::Alarm\n      Source:\n        Owner: AWS\n        SourceIdentifier: CLOUDWATCH_ALARM_ACTION_CHECK\n    Type: AWS::Config::ConfigRule\n  CmkBackingKeyRotationEnabled:\n    Properties:\n      ConfigRuleName: cmk-backing-key-rotation-enabled\n      Source:\n        Owner: AWS\n        SourceIdentifier: CMK_BACKING_KEY_ROTATION_ENABLED\n    Type: AWS::Config::ConfigRule\n  CodebuildProjectArtifactEncryption:\n    Properties:\n      ConfigRuleName: codebuild-project-artifact-encryption\n      Scope:\n        ComplianceResourceTypes:\n        - AWS::CodeBuild::Project\n      Source:\n        Owner: AWS\n        SourceIdentifier: CODEBUILD_PROJECT_ARTIFACT_ENCRYPTION\n    Type: AWS::Config::ConfigRule\n  CodebuildProjectEnvvarAwscredCheck:\n    Properties:\n      ConfigRuleName: codebuild-project-envvar-awscred-check\n      Scope:\n        ComplianceResourceTypes:\n        - AWS::CodeBuild::Project\n      Source:\n        Owner: AWS\n        SourceIdentifier: CODEBUILD_PROJECT_ENVVAR_AWSCRED_CHECK\n    Type: AWS::Config::ConfigRule\n  DbInstanceBackupEnabled:\n    Properties:\n      ConfigRuleName: db-instance-backup-enabled\n      Scope:\n        ComplianceResourceTypes:\n        - AWS::RDS::DBInstance\n      Source:\n        Owner: AWS\n        SourceIdentifier: DB_INSTANCE_BACKUP_ENABLED\n    Type: AWS::Config::ConfigRule\n  DmsReplicationNotPublic:\n    Properties:\n      ConfigRuleName: dms-replication-not-public\n      Scope:\n        ComplianceResourceTypes: []\n      Source:\n        Owner: AWS\n        SourceIdentifier: DMS_REPLICATION_NOT_PUBLIC\n    Type: AWS::Config::ConfigRule\n  DynamodbAutoscalingEnabled:\n    Properties:\n      ConfigRuleName: dynamodb-autoscaling-enabled\n      Scope:\n        ComplianceResourceTypes:\n        - AWS::DynamoDB::Table\n      Source:\n        Owner: AWS\n        SourceIdentifier: DYNAMODB_AUTOSCALING_ENABLED\n    Type: AWS::Config::ConfigRule\n  DynamodbInBackupPlan:\n    Properties:\n      ConfigRuleName: dynamodb-in-backup-plan\n      Source:\n        Owner: AWS\n        SourceIdentifier: DYNAMODB_IN_BACKUP_PLAN\n    Type: AWS::Config::ConfigRule\n  DynamodbPitrEnabled:\n    Properties:\n      ConfigRuleName: dynamodb-pitr-enabled\n      Scope:\n        ComplianceResourceTypes:\n        - AWS::DynamoDB::Table\n      Source:\n        Owner: AWS\n        SourceIdentifier: DYNAMODB_PITR_ENABLED\n    Type: AWS::Config::ConfigRule\n  DynamodbTableEncryptedKms:\n    Properties:\n      ConfigRuleName: dynamodb-table-encrypted-kms\n      Scope:\n        ComplianceResourceTypes:\n        - AWS::DynamoDB::Table\n      Source:\n        Owner: AWS\n        SourceIdentifier: DYNAMODB_TABLE_ENCRYPTED_KMS\n    Type: AWS::Config::ConfigRule\n  DynamodbThroughputLimitCheck:\n    Properties:\n      ConfigRuleName: dynamodb-throughput-limit-check\n      Source:\n        Owner: AWS\n        SourceIdentifier: DYNAMODB_THROUGHPUT_LIMIT_CHECK\n    Type: AWS::Config::ConfigRule\n  EbsInBackupPlan:\n    Properties:\n      ConfigRuleName: ebs-in-backup-plan\n      Source:\n        Owner: AWS\n        SourceIdentifier: EBS_IN_BACKUP_PLAN\n    Type: AWS::Config::ConfigRule\n  EbsOptimizedInstance:\n    Properties:\n      ConfigRuleName: ebs-optimized-instance\n      Scope:\n        ComplianceResourceTypes:\n        - AWS::EC2::Instance\n      Source:\n        Owner: AWS\n        SourceIdentifier: EBS_OPTIMIZED_INSTANCE\n    Type: AWS::Config::ConfigRule\n  EbsSnapshotPublicRestorableCheck:\n    Properties:\n      ConfigRuleName: ebs-snapshot-public-restorable-check\n      Source:\n        Owner: AWS\n        SourceIdentifier: EBS_SNAPSHOT_PUBLIC_RESTORABLE_CHECK\n    Type: AWS::Config::ConfigRule\n  Ec2EbsEncryptionByDefault:\n    Properties:\n      ConfigRuleName: ec2-ebs-encryption-by-default\n      Source:\n        Owner: AWS\n        SourceIdentifier: EC2_EBS_ENCRYPTION_BY_DEFAULT\n    Type: AWS::Config::ConfigRule\n  Ec2Imdsv2Check:\n    Properties:\n      ConfigRuleName: ec2-imdsv2-check\n      Scope:\n        ComplianceResourceTypes:\n        - AWS::EC2::Instance\n      Source:\n        Owner: AWS\n        SourceIdentifier: EC2_IMDSV2_CHECK\n    Type: AWS::Config::ConfigRule\n  Ec2InstanceManagedBySsm:\n    Properties:\n      ConfigRuleName: ec2-instance-managed-by-systems-manager\n      Scope:\n        ComplianceResourceTypes:\n        - AWS::EC2::Instance\n        - AWS::SSM::ManagedInstanceInventory\n      Source:\n        Owner: AWS\n        SourceIdentifier: EC2_INSTANCE_MANAGED_BY_SSM\n    Type: AWS::Config::ConfigRule\n  Ec2InstanceNoPublicIp:\n    Properties:\n      ConfigRuleName: ec2-instance-no-public-ip\n      Scope:\n        ComplianceResourceTypes:\n        - AWS::EC2::Instance\n      Source:\n        Owner: AWS\n        SourceIdentifier: EC2_INSTANCE_NO_PUBLIC_IP\n    Type: AWS::Config::ConfigRule\n  Ec2InstanceProfileAttached:\n    Properties:\n      ConfigRuleName: ec2-instance-profile-attached\n      Scope:\n        ComplianceResourceTypes:\n        - AWS::EC2::Instance\n      Source:\n        Owner: AWS\n        SourceIdentifier: EC2_INSTANCE_PROFILE_ATTACHED\n    Type: AWS::Config::ConfigRule\n  Ec2ManagedinstanceAssociationComplianceStatusCheck:\n    Properties:\n      ConfigRuleName: ec2-managedinstance-association-compliance-status-check\n      Scope:\n        ComplianceResourceTypes:\n        - AWS::SSM::AssociationCompliance\n      Source:\n        Owner: AWS\n        SourceIdentifier: EC2_MANAGEDINSTANCE_ASSOCIATION_COMPLIANCE_STATUS_CHECK\n    Type: AWS::Config::ConfigRule\n  Ec2ManagedinstancePatchComplianceStatusCheck:\n    Properties:\n      ConfigRuleName: ec2-managedinstance-patch-compliance-status-check\n      Scope:\n        ComplianceResourceTypes:\n        - AWS::SSM::PatchCompliance\n      Source:\n        Owner: AWS\n        SourceIdentifier: EC2_MANAGEDINSTANCE_PATCH_COMPLIANCE_STATUS_CHECK\n    Type: AWS::Config::ConfigRule\n  Ec2StoppedInstance:\n    Properties:\n      ConfigRuleName: ec2-stopped-instance\n      Source:\n        Owner: AWS\n        SourceIdentifier: EC2_STOPPED_INSTANCE\n    Type: AWS::Config::ConfigRule\n  Ec2VolumeInuseCheck:\n    Properties:\n      ConfigRuleName: ec2-volume-inuse-check\n      Scope:\n        ComplianceResourceTypes:\n        - AWS::EC2::Volume\n      Source:\n        Owner: AWS\n        SourceIdentifier: EC2_VOLUME_INUSE_CHECK\n    Type: AWS::Config::ConfigRule\n  EcsContainersReadonlyAccess:\n    Properties:\n      ConfigRuleName: ecs-containers-readonly-access\n      Scope:\n        ComplianceResourceTypes:\n        - AWS::ECS::TaskDefinition\n      Source:\n        Owner: AWS\n        SourceIdentifier: ECS_CONTAINERS_READONLY_ACCESS\n    Type: AWS::Config::ConfigRule\n  EcsTaskDefinitionUserForHostModeCheck:\n    Properties:\n      ConfigRuleName: ecs-task-definition-user-for-host-mode-check\n      Scope:\n        ComplianceResourceTypes:\n        - AWS::ECS::TaskDefinition\n      Source:\n        Owner: AWS\n        SourceIdentifier: ECS_TASK_DEFINITION_USER_FOR_HOST_MODE_CHECK\n    Type: AWS::Config::ConfigRule\n  EfsEncryptedCheck:\n    Properties:\n      ConfigRuleName: efs-encrypted-check\n      Source:\n        Owner: AWS\n        SourceIdentifier: EFS_ENCRYPTED_CHECK\n    Type: AWS::Config::ConfigRule\n  EfsInBackupPlan:\n    Properties:\n      ConfigRuleName: efs-in-backup-plan\n      Source:\n        Owner: AWS\n        SourceIdentifier: EFS_IN_BACKUP_PLAN\n    Type: AWS::Config::ConfigRule\n  ElasticBeanstalkManagedUpdatesEnabled:\n    Properties:\n      ConfigRuleName: elastic-beanstalk-managed-updates-enabled\n      Scope:\n        ComplianceResourceTypes:\n        - AWS::ElasticBeanstalk::Environment\n      Source:\n        Owner: AWS\n        SourceIdentifier: ELASTIC_BEANSTALK_MANAGED_UPDATES_ENABLED\n    Type: AWS::Config::ConfigRule\n  ElasticacheRedisClusterAutomaticBackupCheck:\n    Properties:\n      ConfigRuleName: elasticache-redis-cluster-automatic-backup-check\n      Source:\n        Owner: AWS\n        SourceIdentifier: ELASTICACHE_REDIS_CLUSTER_AUTOMATIC_BACKUP_CHECK\n    Type: AWS::Config::ConfigRule\n  ElasticsearchEncryptedAtRest:\n    Properties:\n      ConfigRuleName: elasticsearch-encrypted-at-rest\n      Source:\n        Owner: AWS\n        SourceIdentifier: ELASTICSEARCH_ENCRYPTED_AT_REST\n    Type: AWS::Config::ConfigRule\n  ElasticsearchInVpcOnly:\n    Properties:\n      ConfigRuleName: elasticsearch-in-vpc-only\n      Source:\n        Owner: AWS\n        SourceIdentifier: ELASTICSEARCH_IN_VPC_ONLY\n    Type: AWS::Config::ConfigRule\n  ElasticsearchLogsToCloudwatch:\n    Properties:\n      ConfigRuleName: elasticsearch-logs-to-cloudwatch\n      Scope:\n        ComplianceResourceTypes:\n        - AWS::Elasticsearch::Domain\n      Source:\n        Owner: AWS\n        SourceIdentifier: ELASTICSEARCH_LOGS_TO_CLOUDWATCH\n    Type: AWS::Config::ConfigRule\n  ElasticsearchNodeToNodeEncryptionCheck:\n    Properties:\n      ConfigRuleName: elasticsearch-node-to-node-encryption-check\n      Scope:\n        ComplianceResourceTypes:\n        - AWS::Elasticsearch::Domain\n      Source:\n        Owner: AWS\n        SourceIdentifier: ELASTICSEARCH_NODE_TO_NODE_ENCRYPTION_CHECK\n    Type: AWS::Config::ConfigRule\n  ElbAcmCertificateRequired:\n    Properties:\n      ConfigRuleName: elb-acm-certificate-required\n      Scope:\n        ComplianceResourceTypes:\n        - AWS::ElasticLoadBalancing::LoadBalancer\n      Source:\n        Owner: AWS\n        SourceIdentifier: ELB_ACM_CERTIFICATE_REQUIRED\n    Type: AWS::Config::ConfigRule\n  ElbCrossZoneLoadBalancingEnabled:\n    Properties:\n      ConfigRuleName: elb-cross-zone-load-balancing-enabled\n      Scope:\n        ComplianceResourceTypes:\n        - AWS::ElasticLoadBalancing::LoadBalancer\n      Source:\n        Owner: AWS\n        SourceIdentifier: ELB_CROSS_ZONE_LOAD_BALANCING_ENABLED\n    Type: AWS::Config::ConfigRule\n  ElbDeletionProtectionEnabled:\n    Properties:\n      ConfigRuleName: elb-deletion-protection-enabled\n      Scope:\n        ComplianceResourceTypes:\n        - AWS::ElasticLoadBalancingV2::LoadBalancer\n      Source:\n        Owner: AWS\n        SourceIdentifier: ELB_DELETION_PROTECTION_ENABLED\n    Type: AWS::Config::ConfigRule\n  ElbLoggingEnabled:\n    Properties:\n      ConfigRuleName: elb-logging-enabled\n      Scope:\n        ComplianceResourceTypes:\n        - AWS::ElasticLoadBalancing::LoadBalancer\n        - AWS::ElasticLoadBalancingV2::LoadBalancer\n      Source:\n        Owner: AWS\n        SourceIdentifier: ELB_LOGGING_ENABLED\n    Type: AWS::Config::ConfigRule\n  ElbTlsHttpsListenersOnly:\n    Properties:\n      ConfigRuleName: elb-tls-https-listeners-only\n      Scope:\n        ComplianceResourceTypes:\n        - AWS::ElasticLoadBalancing::LoadBalancer\n      Source:\n        Owner: AWS\n        SourceIdentifier: ELB_TLS_HTTPS_LISTENERS_ONLY\n    Type: AWS::Config::ConfigRule\n  Elbv2AcmCertificateRequired:\n    Properties:\n      ConfigRuleName: elbv2-acm-certificate-required\n      Source:\n        Owner: AWS\n        SourceIdentifier: ELBV2_ACM_CERTIFICATE_REQUIRED\n    Type: AWS::Config::ConfigRule\n  EmrMasterNoPublicIp:\n    Properties:\n      ConfigRuleName: emr-master-no-public-ip\n      Scope:\n        ComplianceResourceTypes: []\n      Source:\n        Owner: AWS\n        SourceIdentifier: EMR_MASTER_NO_PUBLIC_IP\n    Type: AWS::Config::ConfigRule\n  EncryptedVolumes:\n    Properties:\n      ConfigRuleName: encrypted-volumes\n      Scope:\n        ComplianceResourceTypes:\n        - AWS::EC2::Volume\n      Source:\n        Owner: AWS\n        SourceIdentifier: ENCRYPTED_VOLUMES\n    Type: AWS::Config::ConfigRule\n  GuarddutyEnabledCentralized:\n    Properties:\n      ConfigRuleName: guardduty-enabled-centralized\n      Source:\n        Owner: AWS\n        SourceIdentifier: GUARDDUTY_ENABLED_CENTRALIZED\n    Type: AWS::Config::ConfigRule\n  IamCustomerPolicyBlockedKmsActions:\n    Properties:\n      ConfigRuleName: iam-customer-policy-blocked-kms-actions\n      InputParameters:\n        blockedActionsPatterns:\n          Fn::If:\n          - iamCustomerPolicyBlockedKmsActionsParamBlockedActionsPatterns\n          - Ref: IamCustomerPolicyBlockedKmsActionsParamBlockedActionsPatterns\n          - Ref: AWS::NoValue\n      Scope:\n        ComplianceResourceTypes:\n        - AWS::IAM::Policy\n      Source:\n        Owner: AWS\n        SourceIdentifier: IAM_CUSTOMER_POLICY_BLOCKED_KMS_ACTIONS\n    Type: AWS::Config::ConfigRule\n  IamInlinePolicyBlockedKmsActions:\n    Properties:\n      ConfigRuleName: iam-inline-policy-blocked-kms-actions\n      InputParameters:\n        blockedActionsPatterns:\n          Fn::If:\n          - iamInlinePolicyBlockedKmsActionsParamBlockedActionsPatterns\n          - Ref: IamInlinePolicyBlockedKmsActionsParamBlockedActionsPatterns\n          - Ref: AWS::NoValue\n      Scope:\n        ComplianceResourceTypes:\n        - AWS::IAM::Group\n        - AWS::IAM::Role\n        - AWS::IAM::User\n      Source:\n        Owner: AWS\n        SourceIdentifier: IAM_INLINE_POLICY_BLOCKED_KMS_ACTIONS\n    Type: AWS::Config::ConfigRule\n  IamNoInlinePolicyCheck:\n    Properties:\n      ConfigRuleName: iam-no-inline-policy-check\n      Scope:\n        ComplianceResourceTypes:\n        - AWS::IAM::User\n        - AWS::IAM::Role\n        - AWS::IAM::Group\n      Source:\n        Owner: AWS\n        SourceIdentifier: IAM_NO_INLINE_POLICY_CHECK\n    Type: AWS::Config::ConfigRule\n  IamPasswordPolicy:\n    Properties:\n      ConfigRuleName: iam-password-policy\n      InputParameters:\n        MaxPasswordAge:\n          Fn::If:\n          - iamPasswordPolicyParamMaxPasswordAge\n          - Ref: IamPasswordPolicyParamMaxPasswordAge\n          - Ref: AWS::NoValue\n        MinimumPasswordLength:\n          Fn::If:\n          - iamPasswordPolicyParamMinimumPasswordLength\n          - Ref: IamPasswordPolicyParamMinimumPasswordLength\n          - Ref: AWS::NoValue\n        PasswordReusePrevention:\n          Fn::If:\n          - iamPasswordPolicyParamPasswordReusePrevention\n          - Ref: IamPasswordPolicyParamPasswordReusePrevention\n          - Ref: AWS::NoValue\n        RequireLowercaseCharacters:\n          Fn::If:\n          - iamPasswordPolicyParamRequireLowercaseCharacters\n          - Ref: IamPasswordPolicyParamRequireLowercaseCharacters\n          - Ref: AWS::NoValue\n        RequireNumbers:\n          Fn::If:\n          - iamPasswordPolicyParamRequireNumbers\n          - Ref: IamPasswordPolicyParamRequireNumbers\n          - Ref: AWS::NoValue\n        RequireSymbols:\n          Fn::If:\n          - iamPasswordPolicyParamRequireSymbols\n          - Ref: IamPasswordPolicyParamRequireSymbols\n          - Ref: AWS::NoValue\n        RequireUppercaseCharacters:\n          Fn::If:\n          - iamPasswordPolicyParamRequireUppercaseCharacters\n          - Ref: IamPasswordPolicyParamRequireUppercaseCharacters\n          - Ref: AWS::NoValue\n      Source:\n        Owner: AWS\n        SourceIdentifier: IAM_PASSWORD_POLICY\n    Type: AWS::Config::ConfigRule\n  IamPolicyNoStatementsWithAdminAccess:\n    Properties:\n      ConfigRuleName: iam-policy-no-statements-with-admin-access\n      Scope:\n        ComplianceResourceTypes:\n        - AWS::IAM::Policy\n      Source:\n        Owner: AWS\n        SourceIdentifier: IAM_POLICY_NO_STATEMENTS_WITH_ADMIN_ACCESS\n    Type: AWS::Config::ConfigRule\n  IamPolicyNoStatementsWithFullAccess:\n    Properties:\n      ConfigRuleName: iam-policy-no-statements-with-full-access\n      Scope:\n        ComplianceResourceTypes:\n        - AWS::IAM::Policy\n      Source:\n        Owner: AWS\n        SourceIdentifier: IAM_POLICY_NO_STATEMENTS_WITH_FULL_ACCESS\n    Type: AWS::Config::ConfigRule\n  IamRootAccessKeyCheck:\n    Properties:\n      ConfigRuleName: iam-root-access-key-check\n      Source:\n        Owner: AWS\n        SourceIdentifier: IAM_ROOT_ACCESS_KEY_CHECK\n    Type: AWS::Config::ConfigRule\n  IamUserGroupMembershipCheck:\n    Properties:\n      ConfigRuleName: iam-user-group-membership-check\n      Scope:\n        ComplianceResourceTypes:\n        - AWS::IAM::User\n      Source:\n        Owner: AWS\n        SourceIdentifier: IAM_USER_GROUP_MEMBERSHIP_CHECK\n    Type: AWS::Config::ConfigRule\n  IamUserMfaEnabled:\n    Properties:\n      ConfigRuleName: iam-user-mfa-enabled\n      Source:\n        Owner: AWS\n        SourceIdentifier: IAM_USER_MFA_ENABLED\n    Type: AWS::Config::ConfigRule\n  IamUserUnusedCredentialsCheck:\n    Properties:\n      ConfigRuleName: iam-user-unused-credentials-check\n      InputParameters:\n        maxCredentialUsageAge:\n          Fn::If:\n          - iamUserUnusedCredentialsCheckParamMaxCredentialUsageAge\n          - Ref: IamUserUnusedCredentialsCheckParamMaxCredentialUsageAge\n          - Ref: AWS::NoValue\n      Source:\n        Owner: AWS\n        SourceIdentifier: IAM_USER_UNUSED_CREDENTIALS_CHECK\n    Type: AWS::Config::ConfigRule\n  IncomingSshDisabled:\n    Properties:\n      ConfigRuleName: restricted-ssh\n      Scope:\n        ComplianceResourceTypes:\n        - AWS::EC2::SecurityGroup\n      Source:\n        Owner: AWS\n        SourceIdentifier: INCOMING_SSH_DISABLED\n    Type: AWS::Config::ConfigRule\n  InstancesInVpc:\n    Properties:\n      ConfigRuleName: ec2-instances-in-vpc\n      Scope:\n        ComplianceResourceTypes:\n        - AWS::EC2::Instance\n      Source:\n        Owner: AWS\n        SourceIdentifier: INSTANCES_IN_VPC\n    Type: AWS::Config::ConfigRule\n  KinesisStreamEncrypted:\n    Properties:\n      ConfigRuleName: kinesis-stream-encrypted\n      Scope:\n        ComplianceResourceTypes:\n        - AWS::Kinesis::Stream\n      Source:\n        Owner: AWS\n        SourceIdentifier: KINESIS_STREAM_ENCRYPTED\n    Type: AWS::Config::ConfigRule\n  KmsCmkNotScheduledForDeletion:\n    Properties:\n      ConfigRuleName: kms-cmk-not-scheduled-for-deletion\n      Scope:\n        ComplianceResourceTypes:\n        - AWS::KMS::Key\n      Source:\n        Owner: AWS\n        SourceIdentifier: KMS_CMK_NOT_SCHEDULED_FOR_DELETION\n    Type: AWS::Config::ConfigRule\n  LambdaDlqCheck:\n    Properties:\n      ConfigRuleName: lambda-dlq-check\n      Scope:\n        ComplianceResourceTypes:\n        - AWS::Lambda::Function\n      Source:\n        Owner: AWS\n        SourceIdentifier: LAMBDA_DLQ_CHECK\n    Type: AWS::Config::ConfigRule\n  LambdaFunctionPublicAccessProhibited:\n    Properties:\n      ConfigRuleName: lambda-function-public-access-prohibited\n      Scope:\n        ComplianceResourceTypes:\n        - AWS::Lambda::Function\n      Source:\n        Owner: AWS\n        SourceIdentifier: LAMBDA_FUNCTION_PUBLIC_ACCESS_PROHIBITED\n    Type: AWS::Config::ConfigRule\n  MfaEnabledForIamConsoleAccess:\n    Properties:\n      ConfigRuleName: mfa-enabled-for-iam-console-access\n      Source:\n        Owner: AWS\n        SourceIdentifier: MFA_ENABLED_FOR_IAM_CONSOLE_ACCESS\n    Type: AWS::Config::ConfigRule\n  MultiRegionCloudTrailEnabled:\n    Properties:\n      ConfigRuleName: multi-region-cloudtrail-enabled\n      Source:\n        Owner: AWS\n        SourceIdentifier: MULTI_REGION_CLOUD_TRAIL_ENABLED\n    Type: AWS::Config::ConfigRule\n  NoUnrestrictedRouteToIgw:\n    Properties:\n      ConfigRuleName: no-unrestricted-route-to-igw\n      Scope:\n        ComplianceResourceTypes:\n        - AWS::EC2::RouteTable\n      Source:\n        Owner: AWS\n        SourceIdentifier: NO_UNRESTRICTED_ROUTE_TO_IGW\n    Type: AWS::Config::ConfigRule\n  OpensearchEncryptedAtRest:\n    Properties:\n      ConfigRuleName: opensearch-encrypted-at-rest\n      Scope:\n        ComplianceResourceTypes:\n        - AWS::OpenSearch::Domain\n      Source:\n        Owner: AWS\n        SourceIdentifier: OPENSEARCH_ENCRYPTED_AT_REST\n    Type: AWS::Config::ConfigRule\n  OpensearchHttpsRequired:\n    Properties:\n      ConfigRuleName: opensearch-https-required\n      Scope:\n        ComplianceResourceTypes:\n        - AWS::OpenSearch::Domain\n      Source:\n        Owner: AWS\n        SourceIdentifier: OPENSEARCH_HTTPS_REQUIRED\n    Type: AWS::Config::ConfigRule\n  OpensearchInVpcOnly:\n    Properties:\n      ConfigRuleName: opensearch-in-vpc-only\n      Scope:\n        ComplianceResourceTypes:\n        - AWS::OpenSearch::Domain\n      Source:\n        Owner: AWS\n        SourceIdentifier: OPENSEARCH_IN_VPC_ONLY\n    Type: AWS::Config::ConfigRule\n  OpensearchLogsToCloudwatch:\n    Properties:\n      ConfigRuleName: opensearch-logs-to-cloudwatch\n      Scope:\n        ComplianceResourceTypes:\n        - AWS::OpenSearch::Domain\n      Source:\n        Owner: AWS\n        SourceIdentifier: OPENSEARCH_LOGS_TO_CLOUDWATCH\n    Type: AWS::Config::ConfigRule\n  OpensearchNodeToNodeEncryptionCheck:\n    Properties:\n      ConfigRuleName: opensearch-node-to-node-encryption-check\n      Scope:\n        ComplianceResourceTypes:\n        - AWS::OpenSearch::Domain\n      Source:\n        Owner: AWS\n        SourceIdentifier: OPENSEARCH_NODE_TO_NODE_ENCRYPTION_CHECK\n    Type: AWS::Config::ConfigRule\n  RdsEnhancedMonitoringEnabled:\n    Properties:\n      ConfigRuleName: rds-enhanced-monitoring-enabled\n      Scope:\n        ComplianceResourceTypes:\n        - AWS::RDS::DBInstance\n      Source:\n        Owner: AWS\n        SourceIdentifier: RDS_ENHANCED_MONITORING_ENABLED\n    Type: AWS::Config::ConfigRule\n  RdsInstanceDefaultAdminCheck:\n    Properties:\n      ConfigRuleName: rds-instance-default-admin-check\n      Scope:\n        ComplianceResourceTypes:\n        - AWS::RDS::DBInstance\n      Source:\n        Owner: AWS\n        SourceIdentifier: RDS_INSTANCE_DEFAULT_ADMIN_CHECK\n    Type: AWS::Config::ConfigRule\n  RdsInstanceDeletionProtectionEnabled:\n    Properties:\n      ConfigRuleName: rds-instance-deletion-protection-enabled\n      Scope:\n        ComplianceResourceTypes:\n        - AWS::RDS::DBInstance\n      Source:\n        Owner: AWS\n        SourceIdentifier: RDS_INSTANCE_DELETION_PROTECTION_ENABLED\n    Type: AWS::Config::ConfigRule\n  RdsInstancePublicAccessCheck:\n    Properties:\n      ConfigRuleName: rds-instance-public-access-check\n      Scope:\n        ComplianceResourceTypes:\n        - AWS::RDS::DBInstance\n      Source:\n        Owner: AWS\n        SourceIdentifier: RDS_INSTANCE_PUBLIC_ACCESS_CHECK\n    Type: AWS::Config::ConfigRule\n  RdsLoggingEnabled:\n    Properties:\n      ConfigRuleName: rds-logging-enabled\n      Scope:\n        ComplianceResourceTypes:\n        - AWS::RDS::DBInstance\n      Source:\n        Owner: AWS\n        SourceIdentifier: RDS_LOGGING_ENABLED\n    Type: AWS::Config::ConfigRule\n  RdsMultiAzSupport:\n    Properties:\n      ConfigRuleName: rds-multi-az-support\n      Scope:\n        ComplianceResourceTypes:\n        - AWS::RDS::DBInstance\n      Source:\n        Owner: AWS\n        SourceIdentifier: RDS_MULTI_AZ_SUPPORT\n    Type: AWS::Config::ConfigRule\n  RdsClusterMultiAzEnabled:\n    Properties:\n      ConfigRuleName: rds-cluster-multi-az-enabled\n      Scope:\n        ComplianceResourceTypes:\n          - AWS::RDS::DBCluster\n      Source:\n        Owner: AWS\n        SourceIdentifier: RDS_CLUSTER_MULTI_AZ_ENABLED\n    Type: AWS::Config::ConfigRule\n  RdsSnapshotEncrypted:\n    Properties:\n      ConfigRuleName: rds-snapshot-encrypted\n      Scope:\n        ComplianceResourceTypes:\n        - AWS::RDS::DBSnapshot\n        - AWS::RDS::DBClusterSnapshot\n      Source:\n        Owner: AWS\n        SourceIdentifier: RDS_SNAPSHOT_ENCRYPTED\n    Type: AWS::Config::ConfigRule\n  RdsSnapshotsPublicProhibited:\n    Properties:\n      ConfigRuleName: rds-snapshots-public-prohibited\n      Scope:\n        ComplianceResourceTypes:\n        - AWS::RDS::DBSnapshot\n        - AWS::RDS::DBClusterSnapshot\n      Source:\n        Owner: AWS\n        SourceIdentifier: RDS_SNAPSHOTS_PUBLIC_PROHIBITED\n    Type: AWS::Config::ConfigRule\n  RdsStorageEncrypted:\n    Properties:\n      ConfigRuleName: rds-storage-encrypted\n      Scope:\n        ComplianceResourceTypes:\n        - AWS::RDS::DBInstance\n      Source:\n        Owner: AWS\n        SourceIdentifier: RDS_STORAGE_ENCRYPTED\n    Type: AWS::Config::ConfigRule\n  RedshiftBackupEnabled:\n    Properties:\n      ConfigRuleName: redshift-backup-enabled\n      Scope:\n        ComplianceResourceTypes:\n        - AWS::Redshift::Cluster\n      Source:\n        Owner: AWS\n        SourceIdentifier: REDSHIFT_BACKUP_ENABLED\n    Type: AWS::Config::ConfigRule\n  RedshiftClusterConfigurationCheck:\n    Properties:\n      ConfigRuleName: redshift-cluster-configuration-check\n      InputParameters:\n        clusterDbEncrypted:\n          Fn::If:\n          - redshiftClusterConfigurationCheckParamClusterDbEncrypted\n          - Ref: RedshiftClusterConfigurationCheckParamClusterDbEncrypted\n          - Ref: AWS::NoValue\n        loggingEnabled:\n          Fn::If:\n          - redshiftClusterConfigurationCheckParamLoggingEnabled\n          - Ref: RedshiftClusterConfigurationCheckParamLoggingEnabled\n          - Ref: AWS::NoValue\n      Scope:\n        ComplianceResourceTypes:\n        - AWS::Redshift::Cluster\n      Source:\n        Owner: AWS\n        SourceIdentifier: REDSHIFT_CLUSTER_CONFIGURATION_CHECK\n    Type: AWS::Config::ConfigRule\n  RedshiftClusterKmsEnabled:\n    Properties:\n      ConfigRuleName: redshift-cluster-kms-enabled\n      Scope:\n        ComplianceResourceTypes:\n        - AWS::Redshift::Cluster\n      Source:\n        Owner: AWS\n        SourceIdentifier: REDSHIFT_CLUSTER_KMS_ENABLED\n    Type: AWS::Config::ConfigRule\n  RedshiftClusterMaintenancesettingsCheck:\n    Properties:\n      ConfigRuleName: redshift-cluster-maintenancesettings-check\n      InputParameters:\n        allowVersionUpgrade:\n          Fn::If:\n          - redshiftClusterMaintenancesettingsCheckParamAllowVersionUpgrade\n          - Ref: RedshiftClusterMaintenancesettingsCheckParamAllowVersionUpgrade\n          - Ref: AWS::NoValue\n      Scope:\n        ComplianceResourceTypes:\n        - AWS::Redshift::Cluster\n      Source:\n        Owner: AWS\n        SourceIdentifier: REDSHIFT_CLUSTER_MAINTENANCESETTINGS_CHECK\n    Type: AWS::Config::ConfigRule\n  RedshiftClusterPublicAccessCheck:\n    Properties:\n      ConfigRuleName: redshift-cluster-public-access-check\n      Scope:\n        ComplianceResourceTypes:\n        - AWS::Redshift::Cluster\n      Source:\n        Owner: AWS\n        SourceIdentifier: REDSHIFT_CLUSTER_PUBLIC_ACCESS_CHECK\n    Type: AWS::Config::ConfigRule\n  RedshiftDefaultAdminCheck:\n    Properties:\n      ConfigRuleName: redshift-default-admin-check\n      Scope:\n        ComplianceResourceTypes:\n        - AWS::Redshift::Cluster\n      Source:\n        Owner: AWS\n        SourceIdentifier: REDSHIFT_DEFAULT_ADMIN_CHECK\n    Type: AWS::Config::ConfigRule\n  RedshiftEnhancedVpcRoutingEnabled:\n    Properties:\n      ConfigRuleName: redshift-enhanced-vpc-routing-enabled\n      Scope:\n        ComplianceResourceTypes:\n        - AWS::Redshift::Cluster\n      Source:\n        Owner: AWS\n        SourceIdentifier: REDSHIFT_ENHANCED_VPC_ROUTING_ENABLED\n    Type: AWS::Config::ConfigRule\n  RedshiftRequireTlsSsl:\n    Properties:\n      ConfigRuleName: redshift-require-tls-ssl\n      Scope:\n        ComplianceResourceTypes:\n        - AWS::Redshift::Cluster\n      Source:\n        Owner: AWS\n        SourceIdentifier: REDSHIFT_REQUIRE_TLS_SSL\n    Type: AWS::Config::ConfigRule\n  RestrictedIncomingTraffic:\n    Properties:\n      ConfigRuleName: restricted-common-ports\n      InputParameters:\n        blockedPort1:\n          Fn::If:\n          - restrictedIncomingTrafficParamBlockedPort1\n          - Ref: RestrictedIncomingTrafficParamBlockedPort1\n          - Ref: AWS::NoValue\n        blockedPort2:\n          Fn::If:\n          - restrictedIncomingTrafficParamBlockedPort2\n          - Ref: RestrictedIncomingTrafficParamBlockedPort2\n          - Ref: AWS::NoValue\n        blockedPort3:\n          Fn::If:\n          - restrictedIncomingTrafficParamBlockedPort3\n          - Ref: RestrictedIncomingTrafficParamBlockedPort3\n          - Ref: AWS::NoValue\n        blockedPort4:\n          Fn::If:\n          - restrictedIncomingTrafficParamBlockedPort4\n          - Ref: RestrictedIncomingTrafficParamBlockedPort4\n          - Ref: AWS::NoValue\n        blockedPort5:\n          Fn::If:\n          - restrictedIncomingTrafficParamBlockedPort5\n          - Ref: RestrictedIncomingTrafficParamBlockedPort5\n          - Ref: AWS::NoValue\n      Scope:\n        ComplianceResourceTypes:\n        - AWS::EC2::SecurityGroup\n      Source:\n        Owner: AWS\n        SourceIdentifier: RESTRICTED_INCOMING_TRAFFIC\n    Type: AWS::Config::ConfigRule\n  RootAccountHardwareMfaEnabled:\n    Properties:\n      ConfigRuleName: root-account-hardware-mfa-enabled\n      Source:\n        Owner: AWS\n        SourceIdentifier: ROOT_ACCOUNT_HARDWARE_MFA_ENABLED\n    Type: AWS::Config::ConfigRule\n  RootAccountMfaEnabled:\n    Properties:\n      ConfigRuleName: root-account-mfa-enabled\n      Source:\n        Owner: AWS\n        SourceIdentifier: ROOT_ACCOUNT_MFA_ENABLED\n    Type: AWS::Config::ConfigRule\n  S3AccountLevelPublicAccessBlocksPeriodic:\n    Properties:\n      ConfigRuleName: s3-account-level-public-access-blocks-periodic\n      InputParameters:\n        BlockPublicAcls:\n          Fn::If:\n          - s3AccountLevelPublicAccessBlocksPeriodicParamBlockPublicAcls\n          - Ref: S3AccountLevelPublicAccessBlocksPeriodicParamBlockPublicAcls\n          - Ref: AWS::NoValue\n        BlockPublicPolicy:\n          Fn::If:\n          - s3AccountLevelPublicAccessBlocksPeriodicParamBlockPublicPolicy\n          - Ref: S3AccountLevelPublicAccessBlocksPeriodicParamBlockPublicPolicy\n          - Ref: AWS::NoValue\n        IgnorePublicAcls:\n          Fn::If:\n          - s3AccountLevelPublicAccessBlocksPeriodicParamIgnorePublicAcls\n          - Ref: S3AccountLevelPublicAccessBlocksPeriodicParamIgnorePublicAcls\n          - Ref: AWS::NoValue\n        RestrictPublicBuckets:\n          Fn::If:\n          - s3AccountLevelPublicAccessBlocksPeriodicParamRestrictPublicBuckets\n          - Ref: S3AccountLevelPublicAccessBlocksPeriodicParamRestrictPublicBuckets\n          - Ref: AWS::NoValue\n      Source:\n        Owner: AWS\n        SourceIdentifier: S3_ACCOUNT_LEVEL_PUBLIC_ACCESS_BLOCKS_PERIODIC\n    Type: AWS::Config::ConfigRule\n  S3BucketLevelPublicAccessProhibited:\n    Properties:\n      ConfigRuleName: s3-bucket-level-public-access-prohibited\n      Scope:\n        ComplianceResourceTypes:\n        - AWS::S3::Bucket\n      Source:\n        Owner: AWS\n        SourceIdentifier: S3_BUCKET_LEVEL_PUBLIC_ACCESS_PROHIBITED\n    Type: AWS::Config::ConfigRule\n  S3BucketLoggingEnabled:\n    Properties:\n      ConfigRuleName: s3-bucket-logging-enabled\n      Scope:\n        ComplianceResourceTypes:\n        - AWS::S3::Bucket\n      Source:\n        Owner: AWS\n        SourceIdentifier: S3_BUCKET_LOGGING_ENABLED\n    Type: AWS::Config::ConfigRule\n  S3BucketPublicReadProhibited:\n    Properties:\n      ConfigRuleName: s3-bucket-public-read-prohibited\n      Scope:\n        ComplianceResourceTypes:\n        - AWS::S3::Bucket\n      Source:\n        Owner: AWS\n        SourceIdentifier: S3_BUCKET_PUBLIC_READ_PROHIBITED\n    Type: AWS::Config::ConfigRule\n  S3BucketPublicWriteProhibited:\n    Properties:\n      ConfigRuleName: s3-bucket-public-write-prohibited\n      Scope:\n        ComplianceResourceTypes:\n        - AWS::S3::Bucket\n      Source:\n        Owner: AWS\n        SourceIdentifier: S3_BUCKET_PUBLIC_WRITE_PROHIBITED\n    Type: AWS::Config::ConfigRule\n  S3BucketReplicationEnabled:\n    Properties:\n      ConfigRuleName: s3-bucket-replication-enabled\n      Scope:\n        ComplianceResourceTypes:\n        - AWS::S3::Bucket\n      Source:\n        Owner: AWS\n        SourceIdentifier: S3_BUCKET_REPLICATION_ENABLED\n    Type: AWS::Config::ConfigRule\n  S3BucketServerSideEncryptionEnabled:\n    Properties:\n      ConfigRuleName: s3-bucket-server-side-encryption-enabled\n      Scope:\n        ComplianceResourceTypes:\n        - AWS::S3::Bucket\n      Source:\n        Owner: AWS\n        SourceIdentifier: S3_BUCKET_SERVER_SIDE_ENCRYPTION_ENABLED\n    Type: AWS::Config::ConfigRule\n  S3BucketSslRequestsOnly:\n    Properties:\n      ConfigRuleName: s3-bucket-ssl-requests-only\n      Scope:\n        ComplianceResourceTypes:\n        - AWS::S3::Bucket\n      Source:\n        Owner: AWS\n        SourceIdentifier: S3_BUCKET_SSL_REQUESTS_ONLY\n    Type: AWS::Config::ConfigRule\n  S3BucketVersioningEnabled:\n    Properties:\n      ConfigRuleName: s3-bucket-versioning-enabled\n      Scope:\n        ComplianceResourceTypes:\n        - AWS::S3::Bucket\n      Source:\n        Owner: AWS\n        SourceIdentifier: S3_BUCKET_VERSIONING_ENABLED\n    Type: AWS::Config::ConfigRule\n  S3DefaultEncryptionKms:\n    Properties:\n      ConfigRuleName: s3-default-encryption-kms\n      Scope:\n        ComplianceResourceTypes:\n        - AWS::S3::Bucket\n      Source:\n        Owner: AWS\n        SourceIdentifier: S3_DEFAULT_ENCRYPTION_KMS\n    Type: AWS::Config::ConfigRule\n  S3EventNotificationsEnabled:\n    Properties:\n      ConfigRuleName: s3-event-notifications-enabled\n      Scope:\n        ComplianceResourceTypes:\n        - AWS::S3::Bucket\n      Source:\n        Owner: AWS\n        SourceIdentifier: S3_EVENT_NOTIFICATIONS_ENABLED\n    Type: AWS::Config::ConfigRule\n  S3VersionLifecyclePolicyCheck:\n    Properties:\n      ConfigRuleName: s3-version-lifecycle-policy-check\n      Scope:\n        ComplianceResourceTypes:\n        - AWS::S3::Bucket\n      Source:\n        Owner: AWS\n        SourceIdentifier: S3_VERSION_LIFECYCLE_POLICY_CHECK\n    Type: AWS::Config::ConfigRule\n  SagemakerEndpointConfigurationKmsKeyConfigured:\n    Properties:\n      ConfigRuleName: sagemaker-endpoint-configuration-kms-key-configured\n      Source:\n        Owner: AWS\n        SourceIdentifier: SAGEMAKER_ENDPOINT_CONFIGURATION_KMS_KEY_CONFIGURED\n    Type: AWS::Config::ConfigRule\n  SagemakerNotebookInstanceKmsKeyConfigured:\n    Properties:\n      ConfigRuleName: sagemaker-notebook-instance-kms-key-configured\n      Source:\n        Owner: AWS\n        SourceIdentifier: SAGEMAKER_NOTEBOOK_INSTANCE_KMS_KEY_CONFIGURED\n    Type: AWS::Config::ConfigRule\n  SagemakerNotebookNoDirectInternetAccess:\n    Properties:\n      ConfigRuleName: sagemaker-notebook-no-direct-internet-access\n      Source:\n        Owner: AWS\n        SourceIdentifier: SAGEMAKER_NOTEBOOK_NO_DIRECT_INTERNET_ACCESS\n    Type: AWS::Config::ConfigRule\n  SecretsmanagerRotationEnabledCheck:\n    Properties:\n      ConfigRuleName: secretsmanager-rotation-enabled-check\n      Scope:\n        ComplianceResourceTypes:\n        - AWS::SecretsManager::Secret\n      Source:\n        Owner: AWS\n        SourceIdentifier: SECRETSMANAGER_ROTATION_ENABLED_CHECK\n    Type: AWS::Config::ConfigRule\n  SecretsmanagerUsingCmk:\n    Properties:\n      ConfigRuleName: secretsmanager-using-cmk\n      Scope:\n        ComplianceResourceTypes:\n        - AWS::SecretsManager::Secret\n      Source:\n        Owner: AWS\n        SourceIdentifier: SECRETSMANAGER_USING_CMK\n    Type: AWS::Config::ConfigRule\n  SecurityhubEnabled:\n    Properties:\n      ConfigRuleName: securityhub-enabled\n      Source:\n        Owner: AWS\n        SourceIdentifier: SECURITYHUB_ENABLED\n    Type: AWS::Config::ConfigRule\n  SnsEncryptedKms:\n    Properties:\n      ConfigRuleName: sns-encrypted-kms\n      Scope:\n        ComplianceResourceTypes:\n        - AWS::SNS::Topic\n      Source:\n        Owner: AWS\n        SourceIdentifier: SNS_ENCRYPTED_KMS\n    Type: AWS::Config::ConfigRule\n  SsmDocumentNotPublic:\n    Properties:\n      ConfigRuleName: ssm-document-not-public\n      Source:\n        Owner: AWS\n        SourceIdentifier: SSM_DOCUMENT_NOT_PUBLIC\n    Type: AWS::Config::ConfigRule\n  SubnetAutoAssignPublicIpDisabled:\n    Properties:\n      ConfigRuleName: subnet-auto-assign-public-ip-disabled\n      Scope:\n        ComplianceResourceTypes:\n        - AWS::EC2::Subnet\n      Source:\n        Owner: AWS\n        SourceIdentifier: SUBNET_AUTO_ASSIGN_PUBLIC_IP_DISABLED\n    Type: AWS::Config::ConfigRule\n  VpcDefaultSecurityGroupClosed:\n    Properties:\n      ConfigRuleName: vpc-default-security-group-closed\n      Scope:\n        ComplianceResourceTypes:\n        - AWS::EC2::SecurityGroup\n      Source:\n        Owner: AWS\n        SourceIdentifier: VPC_DEFAULT_SECURITY_GROUP_CLOSED\n    Type: AWS::Config::ConfigRule\n  VpcFlowLogsEnabled:\n    Properties:\n      ConfigRuleName: vpc-flow-logs-enabled\n      Source:\n        Owner: AWS\n        SourceIdentifier: VPC_FLOW_LOGS_ENABLED\n    Type: AWS::Config::ConfigRule\n  VpcSgOpenOnlyToAuthorizedPorts:\n    Properties:\n      ConfigRuleName: vpc-sg-open-only-to-authorized-ports\n      InputParameters:\n        authorizedTcpPorts:\n          Fn::If:\n          - vpcSgOpenOnlyToAuthorizedPortsParamAuthorizedTcpPorts\n          - Ref: VpcSgOpenOnlyToAuthorizedPortsParamAuthorizedTcpPorts\n          - Ref: AWS::NoValue\n      Scope:\n        ComplianceResourceTypes:\n        - AWS::EC2::SecurityGroup\n      Source:\n        Owner: AWS\n        SourceIdentifier: VPC_SG_OPEN_ONLY_TO_AUTHORIZED_PORTS\n    Type: AWS::Config::ConfigRule\n  VpcVpn2TunnelsUp:\n    Properties:\n      ConfigRuleName: vpc-vpn-2-tunnels-up\n      Scope:\n        ComplianceResourceTypes:\n        - AWS::EC2::VPNConnection\n      Source:\n        Owner: AWS\n        SourceIdentifier: VPC_VPN_2_TUNNELS_UP\n    Type: AWS::Config::ConfigRule\n  Wafv2LoggingEnabled:\n    Properties:\n      ConfigRuleName: wafv2-logging-enabled\n      Source:\n        Owner: AWS\n        SourceIdentifier: WAFV2_LOGGING_ENABLED\n    Type: AWS::Config::ConfigRule\nConditions:\n  accessKeysRotatedParamMaxAccessKeyAge:\n    Fn::Not:\n    - Fn::Equals:\n      - ''\n      - Ref: AccessKeysRotatedParamMaxAccessKeyAge\n  acmCertificateExpirationCheckParamDaysToExpiration:\n    Fn::Not:\n    - Fn::Equals:\n      - ''\n      - Ref: AcmCertificateExpirationCheckParamDaysToExpiration\n  cloudwatchAlarmActionCheckParamAlarmActionRequired:\n    Fn::Not:\n    - Fn::Equals:\n      - ''\n      - Ref: CloudwatchAlarmActionCheckParamAlarmActionRequired\n  cloudwatchAlarmActionCheckParamInsufficientDataActionRequired:\n    Fn::Not:\n    - Fn::Equals:\n      - ''\n      - Ref: CloudwatchAlarmActionCheckParamInsufficientDataActionRequired\n  cloudwatchAlarmActionCheckParamOkActionRequired:\n    Fn::Not:\n    - Fn::Equals:\n      - ''\n      - Ref: CloudwatchAlarmActionCheckParamOkActionRequired\n  iamCustomerPolicyBlockedKmsActionsParamBlockedActionsPatterns:\n    Fn::Not:\n    - Fn::Equals:\n      - ''\n      - Ref: IamCustomerPolicyBlockedKmsActionsParamBlockedActionsPatterns\n  iamInlinePolicyBlockedKmsActionsParamBlockedActionsPatterns:\n    Fn::Not:\n    - Fn::Equals:\n      - ''\n      - Ref: IamInlinePolicyBlockedKmsActionsParamBlockedActionsPatterns\n  iamPasswordPolicyParamMaxPasswordAge:\n    Fn::Not:\n    - Fn::Equals:\n      - ''\n      - Ref: IamPasswordPolicyParamMaxPasswordAge\n  iamPasswordPolicyParamMinimumPasswordLength:\n    Fn::Not:\n    - Fn::Equals:\n      - ''\n      - Ref: IamPasswordPolicyParamMinimumPasswordLength\n  iamPasswordPolicyParamPasswordReusePrevention:\n    Fn::Not:\n    - Fn::Equals:\n      - ''\n      - Ref: IamPasswordPolicyParamPasswordReusePrevention\n  iamPasswordPolicyParamRequireLowercaseCharacters:\n    Fn::Not:\n    - Fn::Equals:\n      - ''\n      - Ref: IamPasswordPolicyParamRequireLowercaseCharacters\n  iamPasswordPolicyParamRequireNumbers:\n    Fn::Not:\n    - Fn::Equals:\n      - ''\n      - Ref: IamPasswordPolicyParamRequireNumbers\n  iamPasswordPolicyParamRequireSymbols:\n    Fn::Not:\n    - Fn::Equals:\n      - ''\n      - Ref: IamPasswordPolicyParamRequireSymbols\n  iamPasswordPolicyParamRequireUppercaseCharacters:\n    Fn::Not:\n    - Fn::Equals:\n      - ''\n      - Ref: IamPasswordPolicyParamRequireUppercaseCharacters\n  iamUserUnusedCredentialsCheckParamMaxCredentialUsageAge:\n    Fn::Not:\n    - Fn::Equals:\n      - ''\n      - Ref: IamUserUnusedCredentialsCheckParamMaxCredentialUsageAge\n  redshiftClusterConfigurationCheckParamClusterDbEncrypted:\n    Fn::Not:\n    - Fn::Equals:\n      - ''\n      - Ref: RedshiftClusterConfigurationCheckParamClusterDbEncrypted\n  redshiftClusterConfigurationCheckParamLoggingEnabled:\n    Fn::Not:\n    - Fn::Equals:\n      - ''\n      - Ref: RedshiftClusterConfigurationCheckParamLoggingEnabled\n  redshiftClusterMaintenancesettingsCheckParamAllowVersionUpgrade:\n    Fn::Not:\n    - Fn::Equals:\n      - ''\n      - Ref: RedshiftClusterMaintenancesettingsCheckParamAllowVersionUpgrade\n  restrictedIncomingTrafficParamBlockedPort1:\n    Fn::Not:\n    - Fn::Equals:\n      - ''\n      - Ref: RestrictedIncomingTrafficParamBlockedPort1\n  restrictedIncomingTrafficParamBlockedPort2:\n    Fn::Not:\n    - Fn::Equals:\n      - ''\n      - Ref: RestrictedIncomingTrafficParamBlockedPort2\n  restrictedIncomingTrafficParamBlockedPort3:\n    Fn::Not:\n    - Fn::Equals:\n      - ''\n      - Ref: RestrictedIncomingTrafficParamBlockedPort3\n  restrictedIncomingTrafficParamBlockedPort4:\n    Fn::Not:\n    - Fn::Equals:\n      - ''\n      - Ref: RestrictedIncomingTrafficParamBlockedPort4\n  restrictedIncomingTrafficParamBlockedPort5:\n    Fn::Not:\n    - Fn::Equals:\n      - ''\n      - Ref: RestrictedIncomingTrafficParamBlockedPort5\n  s3AccountLevelPublicAccessBlocksPeriodicParamBlockPublicAcls:\n    Fn::Not:\n    - Fn::Equals:\n      - ''\n      - Ref: S3AccountLevelPublicAccessBlocksPeriodicParamBlockPublicAcls\n  s3AccountLevelPublicAccessBlocksPeriodicParamBlockPublicPolicy:\n    Fn::Not:\n    - Fn::Equals:\n      - ''\n      - Ref: S3AccountLevelPublicAccessBlocksPeriodicParamBlockPublicPolicy\n  s3AccountLevelPublicAccessBlocksPeriodicParamIgnorePublicAcls:\n    Fn::Not:\n    - Fn::Equals:\n      - ''\n      - Ref: S3AccountLevelPublicAccessBlocksPeriodicParamIgnorePublicAcls\n  s3AccountLevelPublicAccessBlocksPeriodicParamRestrictPublicBuckets:\n    Fn::Not:\n    - Fn::Equals:\n      - ''\n      - Ref: S3AccountLevelPublicAccessBlocksPeriodicParamRestrictPublicBuckets\n  vpcSgOpenOnlyToAuthorizedPortsParamAuthorizedTcpPorts:\n    Fn::Not:\n    - Fn::Equals:\n      - ''\n      - Ref: VpcSgOpenOnlyToAuthorizedPortsParamAuthorizedTcpPorts\n",
            "template_s3_uri": null,
            "timeouts": null
          },
          "sensitive_attributes": [],
          "identity_schema_version": 0,
          "private": "eyJlMmJmYjczMC1lY2FhLTExZTYtOGY4OC0zNDM2M2JjN2M0YzAiOnsiY3JlYXRlIjo2MDAwMDAwMDAwMDAsImRlbGV0ZSI6MTIwMDAwMDAwMDAwMCwidXBkYXRlIjo2MDAwMDAwMDAwMDB9fQ=="
        }
      ]
    },
    {
      "mode": "managed",
      "type": "aws_config_organization_managed_rule",
      "name": "central_log_key_check",
      "provider": "provider[\"registry.terraform.io/hashicorp/aws\"]",
      "instances": [
        {
          "status": "tainted",
          "schema_version": 0,
          "attributes": {
            "arn": "arn:aws:config:us-east-1:079390753901:organization-config-rule/require-central-log-key-qzbe9uaf",
            "description": "Ensures all CloudWatch Log groups use the central Organization KMS key.",
            "excluded_accounts": [],
            "id": "require-central-log-key",
            "input_parameters": "{\"KmsKeyId\":\"arn:aws:kms:us-east-1:469659252241:key/076540f3-1d41-4604-b16f-0b5948f54fe7\"}",
            "maximum_execution_frequency": "",
            "name": "require-central-log-key",
            "region": "us-east-1",
            "resource_id_scope": "",
            "resource_types_scope": [],
            "rule_identifier": "CLOUDWATCH_LOG_GROUP_ENCRYPTED",
            "tag_key_scope": "",
            "tag_value_scope": "",
            "timeouts": null
          },
          "sensitive_attributes": [],
          "identity_schema_version": 0,
          "private": "eyJlMmJmYjczMC1lY2FhLTExZTYtOGY4OC0zNDM2M2JjN2M0YzAiOnsiY3JlYXRlIjozMDAwMDAwMDAwMDAsImRlbGV0ZSI6MzAwMDAwMDAwMDAwLCJ1cGRhdGUiOjMwMDAwMDAwMDAwMH19"
        }
      ]
    },
    {
      "mode": "managed",
      "type": "aws_iam_role",
      "name": "cloudtrail_to_cloudwatch",
      "provider": "provider[\"registry.terraform.io/hashicorp/aws\"]",
      "instances": [
        {
          "schema_version": 0,
          "attributes": {
            "arn": "arn:aws:iam::079390753901:role/CloudTrailToCloudWatchLogsRole",
            "assume_role_policy": "{\"Statement\":[{\"Action\":\"sts:AssumeRole\",\"Effect\":\"Allow\",\"Principal\":{\"Service\":\"cloudtrail.amazonaws.com\"}}],\"Version\":\"2012-10-17\"}",
            "create_date": "2026-02-25T01:03:18Z",
            "description": "",
            "force_detach_policies": false,
            "id": "CloudTrailToCloudWatchLogsRole",
            "inline_policy": [
              {
                "name": "CloudTrailToCloudWatchLogsPolicy",
                "policy": "{\"Version\":\"2012-10-17\",\"Statement\":[{\"Action\":[\"logs:CreateLogStream\",\"logs:PutLogEvents\"],\"Effect\":\"Allow\",\"Resource\":\"arn:aws:logs:us-east-1:079390753901:log-group:/aws/cloudtrail/organization-trail:*\"}]}"
              }
            ],
            "managed_policy_arns": [],
            "max_session_duration": 3600,
            "name": "CloudTrailToCloudWatchLogsRole",
            "name_prefix": "",
            "path": "/",
            "permissions_boundary": "",
            "tags": {},
            "tags_all": {},
            "unique_id": "AROARE7AOYRW5AXKC2ZQ6"
          },
          "sensitive_attributes": [],
          "identity_schema_version": 0,
          "identity": {
            "account_id": "079390753901",
            "name": "CloudTrailToCloudWatchLogsRole"
          },
          "private": "bnVsbA=="
        }
      ]
    },
    {
      "mode": "managed",
      "type": "aws_iam_role_policy",
      "name": "cloudtrail_to_cloudwatch_policy",
      "provider": "provider[\"registry.terraform.io/hashicorp/aws\"]",
      "instances": [
        {
          "schema_version": 0,
          "attributes": {
            "id": "CloudTrailToCloudWatchLogsRole:CloudTrailToCloudWatchLogsPolicy",
            "name": "CloudTrailToCloudWatchLogsPolicy",
            "name_prefix": "",
            "policy": "{\"Version\":\"2012-10-17\",\"Statement\":[{\"Action\":[\"logs:CreateLogStream\",\"logs:PutLogEvents\"],\"Effect\":\"Allow\",\"Resource\":\"arn:aws:logs:us-east-1:079390753901:log-group:/aws/cloudtrail/organization-trail:*\"}]}",
            "role": "CloudTrailToCloudWatchLogsRole"
          },
          "sensitive_attributes": [],
          "identity_schema_version": 0,
          "identity": {
            "account_id": "079390753901",
            "name": "CloudTrailToCloudWatchLogsPolicy",
            "role": "CloudTrailToCloudWatchLogsRole"
          },
          "private": "bnVsbA==",
          "dependencies": [
            "aws_cloudwatch_log_group.org_cloudtrail_logs",
            "aws_iam_role.cloudtrail_to_cloudwatch",
            "aws_kms_key.central_log_key",
            "aws_organizations_account.log_archive",
            "aws_organizations_organization.org",
            "aws_organizations_organizational_unit.security",
            "data.aws_caller_identity.current",
            "data.aws_iam_policy_document.central_log_key_policy"
          ]
        }
      ]
    },
    {
      "mode": "managed",
      "type": "aws_kms_alias",
      "name": "central_log_key_alias",
      "provider": "provider[\"registry.terraform.io/hashicorp/aws\"].log_archive",
      "instances": [
        {
          "schema_version": 0,
          "attributes": {
            "arn": "arn:aws:kms:us-east-1:469659252241:alias/central-logs-key",
            "id": "alias/central-logs-key",
            "name": "alias/central-logs-key",
            "name_prefix": "",
            "region": "us-east-1",
            "target_key_arn": "arn:aws:kms:us-east-1:469659252241:key/076540f3-1d41-4604-b16f-0b5948f54fe7",
            "target_key_id": "076540f3-1d41-4604-b16f-0b5948f54fe7"
          },
          "sensitive_attributes": [],
          "identity_schema_version": 0,
          "identity": {
            "account_id": "469659252241",
            "name": "alias/central-logs-key",
            "region": "us-east-1"
          },
          "private": "bnVsbA==",
          "dependencies": [
            "aws_kms_key.central_log_key",
            "aws_organizations_account.log_archive",
            "aws_organizations_organization.org",
            "aws_organizations_organizational_unit.security",
            "data.aws_caller_identity.current",
            "data.aws_iam_policy_document.central_log_key_policy"
          ]
        }
      ]
    },
    {
      "mode": "managed",
      "type": "aws_kms_key",
      "name": "central_log_key",
      "provider": "provider[\"registry.terraform.io/hashicorp/aws\"].log_archive",
      "instances": [
        {
          "schema_version": 0,
          "attributes": {
            "arn": "arn:aws:kms:us-east-1:469659252241:key/076540f3-1d41-4604-b16f-0b5948f54fe7",
            "bypass_policy_lockout_safety_check": false,
            "custom_key_store_id": "",
            "customer_master_key_spec": "SYMMETRIC_DEFAULT",
            "deletion_window_in_days": 30,
            "description": "Centralized KMS key for Organization-wide logs",
            "enable_key_rotation": true,
            "id": "076540f3-1d41-4604-b16f-0b5948f54fe7",
            "is_enabled": true,
            "key_id": "076540f3-1d41-4604-b16f-0b5948f54fe7",
            "key_usage": "ENCRYPT_DECRYPT",
            "multi_region": false,
            "policy": "{\"Statement\":[{\"Action\":\"kms:*\",\"Effect\":\"Allow\",\"Principal\":{\"AWS\":\"arn:aws:iam::469659252241:root\"},\"Resource\":\"*\",\"Sid\":\"EnableIAMUserPermissions\"},{\"Action\":[\"kms:ReEncrypt*\",\"kms:GenerateDataKey*\",\"kms:Encrypt*\",\"kms:Describe*\",\"kms:Decrypt*\"],\"Condition\":{\"ArnLike\":{\"kms:EncryptionContext:aws:logs:arn\":[\"arn:aws:logs:us-east-1:079390753901:*\",\"arn:aws:logs:us-east-1:469659252241:*\"]}},\"Effect\":\"Allow\",\"Principal\":{\"Service\":\"logs.us-east-1.amazonaws.com\"},\"Resource\":\"*\",\"Sid\":\"AllowCloudWatchLogsAcrossOrg\"},{\"Action\":[\"kms:GenerateDataKey*\",\"kms:DescribeKey\",\"kms:Decrypt\"],\"Condition\":{\"StringLike\":{\"kms:EncryptionContext:aws:cloudtrail:arn\":\"arn:aws:cloudtrail:*:079390753901:trail/*\"}},\"Effect\":\"Allow\",\"Principal\":{\"Service\":\"cloudtrail.amazonaws.com\"},\"Resource\":\"*\",\"Sid\":\"AllowCloudTrailToEncryptLogs\"}],\"Version\":\"2012-10-17\"}",
            "region": "us-east-1",
            "rotation_period_in_days": 365,
            "tags": {},
            "tags_all": {},
            "timeouts": null,
            "xks_key_id": ""
          },
          "sensitive_attributes": [],
          "identity_schema_version": 0,
          "identity": {
            "account_id": "469659252241",
            "id": "076540f3-1d41-4604-b16f-0b5948f54fe7",
            "region": "us-east-1"
          },
          "private": "eyJlMmJmYjczMC1lY2FhLTExZTYtOGY4OC0zNDM2M2JjN2M0YzAiOnsiY3JlYXRlIjoxMjAwMDAwMDAwMDB9fQ==",
          "dependencies": [
            "aws_organizations_account.log_archive",
            "aws_organizations_organization.org",
            "aws_organizations_organizational_unit.security",
            "data.aws_caller_identity.current",
            "data.aws_iam_policy_document.central_log_key_policy"
          ]
        }
      ]
    },
    {
      "mode": "managed",
      "type": "aws_organizations_account",
      "name": "log_archive",
      "provider": "provider[\"registry.terraform.io/hashicorp/aws\"]",
      "instances": [
        {
          "schema_version": 0,
          "attributes": {
            "arn": "arn:aws:organizations::079390753901:account/o-gzwom2l7ia/469659252241",
            "close_on_deletion": false,
            "create_govcloud": false,
            "email": "freemanje3.iac+logs@gmail.com",
            "govcloud_id": "",
            "iam_user_access_to_billing": "ALLOW",
            "id": "469659252241",
            "joined_method": "CREATED",
            "joined_timestamp": "2026-02-25T00:42:16Z",
            "name": "Log-Archive",
            "parent_id": "ou-i4tj-73a8oew2",
            "role_name": null,
            "state": "ACTIVE",
            "status": "ACTIVE",
            "tags": {},
            "tags_all": {},
            "timeouts": null
          },
          "sensitive_attributes": [],
          "identity_schema_version": 0,
          "identity": {
            "account_id": "079390753901",
            "id": "469659252241"
          },
          "private": "eyJlMmJmYjczMC1lY2FhLTExZTYtOGY4OC0zNDM2M2JjN2M0YzAiOnsiY3JlYXRlIjo2MDAwMDAwMDAwMDAsImRlbGV0ZSI6NjAwMDAwMDAwMDAwLCJ1cGRhdGUiOjYwMDAwMDAwMDAwMH19",
          "dependencies": [
            "aws_organizations_organization.org",
            "aws_organizations_organizational_unit.security"
          ]
        }
      ]
    },
    {
      "mode": "managed",
      "type": "aws_organizations_account",
      "name": "security_tooling",
      "provider": "provider[\"registry.terraform.io/hashicorp/aws\"]",
      "instances": [
        {
          "schema_version": 0,
          "attributes": {
            "arn": "arn:aws:organizations::079390753901:account/o-gzwom2l7ia/264627803854",
            "close_on_deletion": false,
            "create_govcloud": false,
            "email": "freemanje3.iac+security@gmail.com",
            "govcloud_id": "",
            "iam_user_access_to_billing": "ALLOW",
            "id": "264627803854",
            "joined_method": "CREATED",
            "joined_timestamp": "2026-04-07T01:50:41Z",
            "name": "Security-Tooling",
            "parent_id": "ou-i4tj-73a8oew2",
            "role_name": null,
            "state": "ACTIVE",
            "status": "ACTIVE",
            "tags": {},
            "tags_all": {},
            "timeouts": null
          },
          "sensitive_attributes": [],
          "identity_schema_version": 0,
          "identity": {
            "account_id": "079390753901",
            "id": "264627803854"
          },
          "private": "eyJlMmJmYjczMC1lY2FhLTExZTYtOGY4OC0zNDM2M2JjN2M0YzAiOnsiY3JlYXRlIjo2MDAwMDAwMDAwMDAsImRlbGV0ZSI6NjAwMDAwMDAwMDAwLCJ1cGRhdGUiOjYwMDAwMDAwMDAwMH19",
          "dependencies": [
            "aws_organizations_organization.org",
            "aws_organizations_organizational_unit.security"
          ]
        }
      ]
    },
    {
      "mode": "managed",
      "type": "aws_organizations_organization",
      "name": "org",
      "provider": "provider[\"registry.terraform.io/hashicorp/aws\"]",
      "instances": [
        {
          "schema_version": 0,
          "attributes": {
            "accounts": [
              {
                "arn": "arn:aws:organizations::079390753901:account/o-gzwom2l7ia/264627803854",
                "email": "freemanje3.iac+security@gmail.com",
                "id": "264627803854",
                "joined_method": "CREATED",
                "joined_timestamp": "2026-04-07T01:50:41Z",
                "name": "Security-Tooling",
                "state": "ACTIVE",
                "status": "ACTIVE"
              },
              {
                "arn": "arn:aws:organizations::079390753901:account/o-gzwom2l7ia/079390753901",
                "email": "freemanje3.iac+org@gmail.com",
                "id": "079390753901",
                "joined_method": "INVITED",
                "joined_timestamp": "2026-02-23T19:56:46Z",
                "name": "IAC_MGMT+Billing",
                "state": "ACTIVE",
                "status": "ACTIVE"
              },
              {
                "arn": "arn:aws:organizations::079390753901:account/o-gzwom2l7ia/469659252241",
                "email": "freemanje3.iac+logs@gmail.com",
                "id": "469659252241",
                "joined_method": "CREATED",
                "joined_timestamp": "2026-02-25T00:42:16Z",
                "name": "Log-Archive",
                "state": "ACTIVE",
                "status": "ACTIVE"
              }
            ],
            "arn": "arn:aws:organizations::079390753901:organization/o-gzwom2l7ia",
            "aws_service_access_principals": [
              "cloudtrail.amazonaws.com",
              "config-multiaccountsetup.amazonaws.com",
              "config.amazonaws.com",
              "guardduty.amazonaws.com",
              "inspector2.amazonaws.com",
              "securityhub.amazonaws.com",
              "sso.amazonaws.com"
            ],
            "enabled_policy_types": [
              "SERVICE_CONTROL_POLICY",
              "TAG_POLICY"
            ],
            "feature_set": "ALL",
            "id": "o-gzwom2l7ia",
            "master_account_arn": "arn:aws:organizations::079390753901:account/o-gzwom2l7ia/079390753901",
            "master_account_email": "freemanje3.iac+org@gmail.com",
            "master_account_id": "079390753901",
            "master_account_name": "IAC_MGMT+Billing",
            "non_master_accounts": [
              {
                "arn": "arn:aws:organizations::079390753901:account/o-gzwom2l7ia/264627803854",
                "email": "freemanje3.iac+security@gmail.com",
                "id": "264627803854",
                "joined_method": "CREATED",
                "joined_timestamp": "2026-04-07T01:50:41Z",
                "name": "Security-Tooling",
                "state": "ACTIVE",
                "status": "ACTIVE"
              },
              {
                "arn": "arn:aws:organizations::079390753901:account/o-gzwom2l7ia/469659252241",
                "email": "freemanje3.iac+logs@gmail.com",
                "id": "469659252241",
                "joined_method": "CREATED",
                "joined_timestamp": "2026-02-25T00:42:16Z",
                "name": "Log-Archive",
                "state": "ACTIVE",
                "status": "ACTIVE"
              }
            ],
            "return_organization_only": null,
            "roots": [
              {
                "arn": "arn:aws:organizations::079390753901:root/o-gzwom2l7ia/r-i4tj",
                "id": "r-i4tj",
                "name": "Root",
                "policy_types": [
                  {
                    "status": "ENABLED",
                    "type": "SERVICE_CONTROL_POLICY"
                  },
                  {
                    "status": "ENABLED",
                    "type": "TAG_POLICY"
                  }
                ]
              }
            ]
          },
          "sensitive_attributes": [],
          "identity_schema_version": 0,
          "identity": {
            "account_id": "079390753901",
            "id": "o-gzwom2l7ia"
          },
          "private": "bnVsbA=="
        }
      ]
    },
    {
      "mode": "managed",
      "type": "aws_organizations_organizational_unit",
      "name": "infrastructure",
      "provider": "provider[\"registry.terraform.io/hashicorp/aws\"]",
      "instances": [
        {
          "schema_version": 0,
          "attributes": {
            "accounts": [],
            "arn": "arn:aws:organizations::079390753901:ou/o-gzwom2l7ia/ou-i4tj-266zxsm0",
            "id": "ou-i4tj-266zxsm0",
            "name": "Infrastructure",
            "parent_id": "r-i4tj",
            "tags": {},
            "tags_all": {}
          },
          "sensitive_attributes": [],
          "identity_schema_version": 0,
          "identity": {
            "account_id": "079390753901",
            "id": "ou-i4tj-266zxsm0"
          },
          "private": "bnVsbA==",
          "dependencies": [
            "aws_organizations_organization.org"
          ]
        }
      ]
    },
    {
      "mode": "managed",
      "type": "aws_organizations_organizational_unit",
      "name": "sandbox",
      "provider": "provider[\"registry.terraform.io/hashicorp/aws\"]",
      "instances": [
        {
          "schema_version": 0,
          "attributes": {
            "accounts": [],
            "arn": "arn:aws:organizations::079390753901:ou/o-gzwom2l7ia/ou-i4tj-q3wp4dwz",
            "id": "ou-i4tj-q3wp4dwz",
            "name": "Sandbox",
            "parent_id": "r-i4tj",
            "tags": {},
            "tags_all": {}
          },
          "sensitive_attributes": [],
          "identity_schema_version": 0,
          "identity": {
            "account_id": "079390753901",
            "id": "ou-i4tj-q3wp4dwz"
          },
          "private": "bnVsbA==",
          "dependencies": [
            "aws_organizations_organization.org"
          ]
        }
      ]
    },
    {
      "mode": "managed",
      "type": "aws_organizations_organizational_unit",
      "name": "security",
      "provider": "provider[\"registry.terraform.io/hashicorp/aws\"]",
      "instances": [
        {
          "schema_version": 0,
          "attributes": {
            "accounts": [
              {
                "arn": "arn:aws:organizations::079390753901:account/o-gzwom2l7ia/264627803854",
                "email": "freemanje3.iac+security@gmail.com",
                "id": "264627803854",
                "name": "Security-Tooling"
              },
              {
                "arn": "arn:aws:organizations::079390753901:account/o-gzwom2l7ia/469659252241",
                "email": "freemanje3.iac+logs@gmail.com",
                "id": "469659252241",
                "name": "Log-Archive"
              }
            ],
            "arn": "arn:aws:organizations::079390753901:ou/o-gzwom2l7ia/ou-i4tj-73a8oew2",
            "id": "ou-i4tj-73a8oew2",
            "name": "Security",
            "parent_id": "r-i4tj",
            "tags": {},
            "tags_all": {}
          },
          "sensitive_attributes": [],
          "identity_schema_version": 0,
          "identity": {
            "account_id": "079390753901",
            "id": "ou-i4tj-73a8oew2"
          },
          "private": "bnVsbA==",
          "dependencies": [
            "aws_organizations_organization.org"
          ]
        }
      ]
    },
    {
      "mode": "managed",
      "type": "aws_organizations_policy",
      "name": "protect_central_logging",
      "provider": "provider[\"registry.terraform.io/hashicorp/aws\"]",
      "instances": [
        {
          "schema_version": 0,
          "attributes": {
            "arn": "arn:aws:organizations::079390753901:policy/o-gzwom2l7ia/service_control_policy/p-ntm1zr92",
            "content": "{\n  \"Version\": \"2012-10-17\",\n  \"Statement\": [\n    {\n      \"Sid\": \"PreventLogDeletion\",\n      \"Effect\": \"Deny\",\n      \"Action\": \"logs:DeleteLogGroup\",\n      \"Resource\": \"*\",\n      \"Condition\": {\n        \"StringNotLike\": {\n          \"aws:PrincipalArn\": \"arn:aws:iam::*:role/OrganizationAccountAccessRole\"\n        }\n      }\n    },\n    {\n      \"Sid\": \"PreventCentralKeyTampering\",\n      \"Effect\": \"Deny\",\n      \"Action\": [\n        \"kms:ScheduleKeyDeletion\",\n        \"kms:PutKeyPolicy\",\n        \"kms:DisableKey\"\n      ],\n      \"Resource\": \"arn:aws:kms:us-east-1:469659252241:key/076540f3-1d41-4604-b16f-0b5948f54fe7\",\n      \"Condition\": {\n        \"StringNotLike\": {\n          \"aws:PrincipalArn\": \"arn:aws:iam::*:role/OrganizationAccountAccessRole\"\n        }\n      }\n    },\n    {\n      \"Sid\": \"EnforceSecureTransportS3\",\n      \"Effect\": \"Deny\",\n      \"Action\": \"s3:*\",\n      \"Resource\": \"*\",\n      \"Condition\": {\n        \"Bool\": {\n          \"aws:SecureTransport\": \"false\"\n        }\n      }\n    }\n  ]\n}",
            "description": "Prevents tampering with centralized logs and encryption keys",
            "id": "p-ntm1zr92",
            "name": "ProtectCentralLoggingArchitecture",
            "skip_destroy": null,
            "tags": {},
            "tags_all": {},
            "type": "SERVICE_CONTROL_POLICY"
          },
          "sensitive_attributes": [],
          "identity_schema_version": 0,
          "identity": {
            "account_id": "079390753901",
            "id": "p-ntm1zr92"
          },
          "private": "bnVsbA==",
          "dependencies": [
            "aws_kms_key.central_log_key",
            "aws_organizations_account.log_archive",
            "aws_organizations_organization.org",
            "aws_organizations_organizational_unit.security",
            "data.aws_caller_identity.current",
            "data.aws_iam_policy_document.central_log_key_policy",
            "data.aws_iam_policy_document.scp_protect_logging"
          ]
        }
      ]
    },
    {
      "mode": "managed",
      "type": "aws_organizations_policy_attachment",
      "name": "secure_root_attachment",
      "provider": "provider[\"registry.terraform.io/hashicorp/aws\"]",
      "instances": [
        {
          "schema_version": 0,
          "attributes": {
            "id": "r-i4tj:p-ntm1zr92",
            "policy_id": "p-ntm1zr92",
            "skip_destroy": null,
            "target_id": "r-i4tj"
          },
          "sensitive_attributes": [],
          "identity_schema_version": 0,
          "identity": {
            "account_id": "079390753901",
            "policy_id": "p-ntm1zr92",
            "target_id": "r-i4tj"
          },
          "private": "bnVsbA==",
          "dependencies": [
            "aws_kms_key.central_log_key",
            "aws_organizations_account.log_archive",
            "aws_organizations_organization.org",
            "aws_organizations_organizational_unit.security",
            "aws_organizations_policy.protect_central_logging",
            "data.aws_caller_identity.current",
            "data.aws_iam_policy_document.central_log_key_policy",
            "data.aws_iam_policy_document.scp_protect_logging"
          ]
        }
      ]
    },
    {
      "mode": "managed",
      "type": "aws_s3_account_public_access_block",
      "name": "security_tooling",
      "provider": "provider[\"registry.terraform.io/hashicorp/aws\"].security_tooling",
      "instances": [
        {
          "schema_version": 0,
          "attributes": {
            "account_id": "264627803854",
            "block_public_acls": true,
            "block_public_policy": true,
            "id": "264627803854",
            "ignore_public_acls": true,
            "restrict_public_buckets": true
          },
          "sensitive_attributes": [],
          "identity_schema_version": 0,
          "identity": {
            "account_id": "264627803854"
          },
          "private": "bnVsbA==",
          "dependencies": [
            "aws_organizations_account.security_tooling",
            "aws_organizations_organization.org",
            "aws_organizations_organizational_unit.security",
            "time_sleep.wait_for_security_account_iam"
          ]
        }
      ]
    },
    {
      "mode": "managed",
      "type": "aws_s3_bucket",
      "name": "org_cloudtrail_vault",
      "provider": "provider[\"registry.terraform.io/hashicorp/aws\"].log_archive",
      "instances": [
        {
          "schema_version": 0,
          "attributes": {
            "acceleration_status": "",
            "acl": null,
            "arn": "arn:aws:s3:::org-cloudtrail-vault-469659252241",
            "bucket": "org-cloudtrail-vault-469659252241",
            "bucket_domain_name": "org-cloudtrail-vault-469659252241.s3.amazonaws.com",
            "bucket_prefix": "",
            "bucket_region": "us-east-1",
            "bucket_regional_domain_name": "org-cloudtrail-vault-469659252241.s3.us-east-1.amazonaws.com",
            "cors_rule": [],
            "force_destroy": false,
            "grant": [
              {
                "id": "08416f4da5d6db0b10e0aba0ad6a1f7de38f3beffe5ca95717f52ab9ff7acc8e",
                "permissions": [
                  "FULL_CONTROL"
                ],
                "type": "CanonicalUser",
                "uri": ""
              }
            ],
            "hosted_zone_id": "Z3AQBSTGFYJSTF",
            "id": "org-cloudtrail-vault-469659252241",
            "lifecycle_rule": [],
            "logging": [],
            "object_lock_configuration": [],
            "object_lock_enabled": false,
            "policy": "{\"Statement\":[{\"Action\":\"s3:GetBucketAcl\",\"Effect\":\"Allow\",\"Principal\":{\"Service\":\"cloudtrail.amazonaws.com\"},\"Resource\":\"arn:aws:s3:::org-cloudtrail-vault-469659252241\",\"Sid\":\"AWSCloudTrailAclCheck\"},{\"Action\":\"s3:PutObject\",\"Condition\":{\"StringEquals\":{\"s3:x-amz-acl\":\"bucket-owner-full-control\"}},\"Effect\":\"Allow\",\"Principal\":{\"Service\":\"cloudtrail.amazonaws.com\"},\"Resource\":[\"arn:aws:s3:::org-cloudtrail-vault-469659252241/AWSLogs/o-gzwom2l7ia/*\",\"arn:aws:s3:::org-cloudtrail-vault-469659252241/AWSLogs/079390753901/*\"],\"Sid\":\"AWSCloudTrailWrite\"}],\"Version\":\"2012-10-17\"}",
            "region": "us-east-1",
            "replication_configuration": [],
            "request_payer": "BucketOwner",
            "server_side_encryption_configuration": [
              {
                "rule": [
                  {
                    "apply_server_side_encryption_by_default": [
                      {
                        "kms_master_key_id": "arn:aws:kms:us-east-1:469659252241:key/076540f3-1d41-4604-b16f-0b5948f54fe7",
                        "sse_algorithm": "aws:kms"
                      }
                    ],
                    "bucket_key_enabled": false
                  }
                ]
              }
            ],
            "tags": {},
            "tags_all": {},
            "timeouts": null,
            "versioning": [
              {
                "enabled": false,
                "mfa_delete": false
              }
            ],
            "website": [],
            "website_domain": null,
            "website_endpoint": null
          },
          "sensitive_attributes": [],
          "identity_schema_version": 0,
          "identity": {
            "account_id": "469659252241",
            "bucket": "org-cloudtrail-vault-469659252241",
            "region": "us-east-1"
          },
          "private": "eyJlMmJmYjczMC1lY2FhLTExZTYtOGY4OC0zNDM2M2JjN2M0YzAiOnsiY3JlYXRlIjoxMjAwMDAwMDAwMDAwLCJkZWxldGUiOjM2MDAwMDAwMDAwMDAsInJlYWQiOjEyMDAwMDAwMDAwMDAsInVwZGF0ZSI6MTIwMDAwMDAwMDAwMH19",
          "dependencies": [
            "aws_organizations_account.log_archive",
            "aws_organizations_organization.org",
            "aws_organizations_organizational_unit.security"
          ]
        }
      ]
    },
    {
      "mode": "managed",
      "type": "aws_s3_bucket",
      "name": "org_conformance_pack_delivery",
      "provider": "provider[\"registry.terraform.io/hashicorp/aws\"].log_archive",
      "instances": [
        {
          "schema_version": 0,
          "attributes": {
            "acceleration_status": "",
            "acl": null,
            "arn": "arn:aws:s3:::awsconfigconforms-org-delivery-469659252241",
            "bucket": "awsconfigconforms-org-delivery-469659252241",
            "bucket_domain_name": "awsconfigconforms-org-delivery-469659252241.s3.amazonaws.com",
            "bucket_prefix": "",
            "bucket_region": "us-east-1",
            "bucket_regional_domain_name": "awsconfigconforms-org-delivery-469659252241.s3.us-east-1.amazonaws.com",
            "cors_rule": [],
            "force_destroy": false,
            "grant": [
              {
                "id": "08416f4da5d6db0b10e0aba0ad6a1f7de38f3beffe5ca95717f52ab9ff7acc8e",
                "permissions": [
                  "FULL_CONTROL"
                ],
                "type": "CanonicalUser",
                "uri": ""
              }
            ],
            "hosted_zone_id": "Z3AQBSTGFYJSTF",
            "id": "awsconfigconforms-org-delivery-469659252241",
            "lifecycle_rule": [],
            "logging": [],
            "object_lock_configuration": [],
            "object_lock_enabled": false,
            "policy": "{\"Statement\":[{\"Action\":[\"s3:ListBucket\",\"s3:GetBucketAcl\"],\"Effect\":\"Allow\",\"Principal\":{\"Service\":\"config.amazonaws.com\"},\"Resource\":\"arn:aws:s3:::awsconfigconforms-org-delivery-469659252241\",\"Sid\":\"AllowConfigServiceAclCheck\"},{\"Action\":\"s3:PutObject\",\"Condition\":{\"StringEquals\":{\"s3:x-amz-acl\":\"bucket-owner-full-control\"}},\"Effect\":\"Allow\",\"Principal\":{\"Service\":\"config.amazonaws.com\"},\"Resource\":\"arn:aws:s3:::awsconfigconforms-org-delivery-469659252241/*\",\"Sid\":\"AllowConfigServiceWrite\"},{\"Action\":\"s3:GetBucketAcl\",\"Condition\":{\"StringEquals\":{\"aws:PrincipalOrgID\":\"o-gzwom2l7ia\"}},\"Effect\":\"Allow\",\"Principal\":{\"AWS\":\"*\"},\"Resource\":\"arn:aws:s3:::awsconfigconforms-org-delivery-469659252241\",\"Sid\":\"AllowOrganizationAclCheck\"},{\"Action\":\"s3:PutObject\",\"Condition\":{\"StringEquals\":{\"aws:PrincipalOrgID\":\"o-gzwom2l7ia\",\"s3:x-amz-acl\":\"bucket-owner-full-control\"}},\"Effect\":\"Allow\",\"Principal\":{\"AWS\":\"*\"},\"Resource\":\"arn:aws:s3:::awsconfigconforms-org-delivery-469659252241/*\",\"Sid\":\"AllowOrganizationWriteAccess\"}],\"Version\":\"2012-10-17\"}",
            "region": "us-east-1",
            "replication_configuration": [],
            "request_payer": "BucketOwner",
            "server_side_encryption_configuration": [
              {
                "rule": [
                  {
                    "apply_server_side_encryption_by_default": [
                      {
                        "kms_master_key_id": "",
                        "sse_algorithm": "AES256"
                      }
                    ],
                    "bucket_key_enabled": false
                  }
                ]
              }
            ],
            "tags": {},
            "tags_all": {},
            "timeouts": null,
            "versioning": [
              {
                "enabled": false,
                "mfa_delete": false
              }
            ],
            "website": [],
            "website_domain": null,
            "website_endpoint": null
          },
          "sensitive_attributes": [],
          "identity_schema_version": 0,
          "identity": {
            "account_id": "469659252241",
            "bucket": "awsconfigconforms-org-delivery-469659252241",
            "region": "us-east-1"
          },
          "private": "eyJlMmJmYjczMC1lY2FhLTExZTYtOGY4OC0zNDM2M2JjN2M0YzAiOnsiY3JlYXRlIjoxMjAwMDAwMDAwMDAwLCJkZWxldGUiOjM2MDAwMDAwMDAwMDAsInJlYWQiOjEyMDAwMDAwMDAwMDAsInVwZGF0ZSI6MTIwMDAwMDAwMDAwMH19",
          "dependencies": [
            "aws_organizations_account.log_archive",
            "aws_organizations_organization.org",
            "aws_organizations_organizational_unit.security"
          ]
        }
      ]
    },
    {
      "mode": "managed",
      "type": "aws_s3_bucket_policy",
      "name": "conformance_pack_policy",
      "provider": "provider[\"registry.terraform.io/hashicorp/aws\"].log_archive",
      "instances": [
        {
          "schema_version": 0,
          "attributes": {
            "bucket": "awsconfigconforms-org-delivery-469659252241",
            "id": "awsconfigconforms-org-delivery-469659252241",
            "policy": "{\"Statement\":[{\"Action\":[\"s3:ListBucket\",\"s3:GetBucketAcl\"],\"Effect\":\"Allow\",\"Principal\":{\"Service\":\"config.amazonaws.com\"},\"Resource\":\"arn:aws:s3:::awsconfigconforms-org-delivery-469659252241\",\"Sid\":\"AllowConfigServiceAclCheck\"},{\"Action\":\"s3:PutObject\",\"Condition\":{\"StringEquals\":{\"s3:x-amz-acl\":\"bucket-owner-full-control\"}},\"Effect\":\"Allow\",\"Principal\":{\"Service\":\"config.amazonaws.com\"},\"Resource\":\"arn:aws:s3:::awsconfigconforms-org-delivery-469659252241/*\",\"Sid\":\"AllowConfigServiceWrite\"},{\"Action\":\"s3:GetBucketAcl\",\"Condition\":{\"StringEquals\":{\"aws:PrincipalOrgID\":\"o-gzwom2l7ia\"}},\"Effect\":\"Allow\",\"Principal\":{\"AWS\":\"*\"},\"Resource\":\"arn:aws:s3:::awsconfigconforms-org-delivery-469659252241\",\"Sid\":\"AllowOrganizationAclCheck\"},{\"Action\":\"s3:PutObject\",\"Condition\":{\"StringEquals\":{\"aws:PrincipalOrgID\":\"o-gzwom2l7ia\",\"s3:x-amz-acl\":\"bucket-owner-full-control\"}},\"Effect\":\"Allow\",\"Principal\":{\"AWS\":\"*\"},\"Resource\":\"arn:aws:s3:::awsconfigconforms-org-delivery-469659252241/*\",\"Sid\":\"AllowOrganizationWriteAccess\"}],\"Version\":\"2012-10-17\"}",
            "region": "us-east-1"
          },
          "sensitive_attributes": [],
          "identity_schema_version": 0,
          "identity": {
            "account_id": "469659252241",
            "bucket": "awsconfigconforms-org-delivery-469659252241",
            "region": "us-east-1"
          },
          "private": "bnVsbA==",
          "dependencies": [
            "aws_organizations_account.log_archive",
            "aws_organizations_organization.org",
            "aws_organizations_organizational_unit.security",
            "aws_s3_bucket.org_conformance_pack_delivery",
            "data.aws_iam_policy_document.conformance_pack_bucket_policy"
          ]
        }
      ]
    },
    {
      "mode": "managed",
      "type": "aws_s3_bucket_policy",
      "name": "org_cloudtrail_policy",
      "provider": "provider[\"registry.terraform.io/hashicorp/aws\"].log_archive",
      "instances": [
        {
          "schema_version": 0,
          "attributes": {
            "bucket": "org-cloudtrail-vault-469659252241",
            "id": "org-cloudtrail-vault-469659252241",
            "policy": "{\"Statement\":[{\"Action\":\"s3:GetBucketAcl\",\"Effect\":\"Allow\",\"Principal\":{\"Service\":\"cloudtrail.amazonaws.com\"},\"Resource\":\"arn:aws:s3:::org-cloudtrail-vault-469659252241\",\"Sid\":\"AWSCloudTrailAclCheck\"},{\"Action\":\"s3:PutObject\",\"Condition\":{\"StringEquals\":{\"s3:x-amz-acl\":\"bucket-owner-full-control\"}},\"Effect\":\"Allow\",\"Principal\":{\"Service\":\"cloudtrail.amazonaws.com\"},\"Resource\":[\"arn:aws:s3:::org-cloudtrail-vault-469659252241/AWSLogs/o-gzwom2l7ia/*\",\"arn:aws:s3:::org-cloudtrail-vault-469659252241/AWSLogs/079390753901/*\"],\"Sid\":\"AWSCloudTrailWrite\"}],\"Version\":\"2012-10-17\"}",
            "region": "us-east-1"
          },
          "sensitive_attributes": [],
          "identity_schema_version": 0,
          "identity": {
            "account_id": "469659252241",
            "bucket": "org-cloudtrail-vault-469659252241",
            "region": "us-east-1"
          },
          "private": "bnVsbA==",
          "dependencies": [
            "aws_organizations_account.log_archive",
            "aws_organizations_organization.org",
            "aws_organizations_organizational_unit.security",
            "aws_s3_bucket.org_cloudtrail_vault",
            "data.aws_caller_identity.current",
            "data.aws_iam_policy_document.org_cloudtrail_vault_policy"
          ]
        }
      ]
    },
    {
      "mode": "managed",
      "type": "aws_s3_bucket_public_access_block",
      "name": "conformance_pack_bpa",
      "provider": "provider[\"registry.terraform.io/hashicorp/aws\"].log_archive",
      "instances": [
        {
          "schema_version": 0,
          "attributes": {
            "block_public_acls": true,
            "block_public_policy": true,
            "bucket": "awsconfigconforms-org-delivery-469659252241",
            "id": "awsconfigconforms-org-delivery-469659252241",
            "ignore_public_acls": true,
            "region": "us-east-1",
            "restrict_public_buckets": true,
            "skip_destroy": null
          },
          "sensitive_attributes": [],
          "identity_schema_version": 0,
          "identity": {
            "account_id": "469659252241",
            "bucket": "awsconfigconforms-org-delivery-469659252241",
            "region": "us-east-1"
          },
          "private": "bnVsbA==",
          "dependencies": [
            "aws_organizations_account.log_archive",
            "aws_organizations_organization.org",
            "aws_organizations_organizational_unit.security",
            "aws_s3_bucket.org_conformance_pack_delivery"
          ]
        }
      ]
    },
    {
      "mode": "managed",
      "type": "aws_s3_bucket_public_access_block",
      "name": "org_cloudtrail_bpa",
      "provider": "provider[\"registry.terraform.io/hashicorp/aws\"].log_archive",
      "instances": [
        {
          "schema_version": 0,
          "attributes": {
            "block_public_acls": true,
            "block_public_policy": true,
            "bucket": "org-cloudtrail-vault-469659252241",
            "id": "org-cloudtrail-vault-469659252241",
            "ignore_public_acls": true,
            "region": "us-east-1",
            "restrict_public_buckets": true,
            "skip_destroy": null
          },
          "sensitive_attributes": [],
          "identity_schema_version": 0,
          "identity": {
            "account_id": "469659252241",
            "bucket": "org-cloudtrail-vault-469659252241",
            "region": "us-east-1"
          },
          "private": "bnVsbA==",
          "dependencies": [
            "aws_organizations_account.log_archive",
            "aws_organizations_organization.org",
            "aws_organizations_organizational_unit.security",
            "aws_s3_bucket.org_cloudtrail_vault"
          ]
        }
      ]
    },
    {
      "mode": "managed",
      "type": "aws_s3_bucket_server_side_encryption_configuration",
      "name": "org_cloudtrail_vault_encryption",
      "provider": "provider[\"registry.terraform.io/hashicorp/aws\"].log_archive",
      "instances": [
        {
          "schema_version": 0,
          "attributes": {
            "bucket": "org-cloudtrail-vault-469659252241",
            "expected_bucket_owner": "",
            "id": "org-cloudtrail-vault-469659252241",
            "region": "us-east-1",
            "rule": [
              {
                "apply_server_side_encryption_by_default": [
                  {
                    "kms_master_key_id": "arn:aws:kms:us-east-1:469659252241:key/076540f3-1d41-4604-b16f-0b5948f54fe7",
                    "sse_algorithm": "aws:kms"
                  }
                ],
                "blocked_encryption_types": [],
                "bucket_key_enabled": false
              }
            ]
          },
          "sensitive_attributes": [],
          "identity_schema_version": 1,
          "identity": {
            "account_id": "469659252241",
            "bucket": "org-cloudtrail-vault-469659252241",
            "region": "us-east-1"
          },
          "private": "bnVsbA==",
          "dependencies": [
            "aws_kms_key.central_log_key",
            "aws_organizations_account.log_archive",
            "aws_organizations_organization.org",
            "aws_organizations_organizational_unit.security",
            "aws_s3_bucket.org_cloudtrail_vault",
            "data.aws_caller_identity.current",
            "data.aws_iam_policy_document.central_log_key_policy"
          ]
        }
      ]
    },
    {
      "mode": "managed",
      "type": "aws_s3_bucket_server_side_encryption_configuration",
      "name": "org_conformance_pack_encryption",
      "provider": "provider[\"registry.terraform.io/hashicorp/aws\"].log_archive",
      "instances": [
        {
          "schema_version": 0,
          "attributes": {
            "bucket": "awsconfigconforms-org-delivery-469659252241",
            "expected_bucket_owner": "",
            "id": "awsconfigconforms-org-delivery-469659252241",
            "region": "us-east-1",
            "rule": [
              {
                "apply_server_side_encryption_by_default": [
                  {
                    "kms_master_key_id": "",
                    "sse_algorithm": "AES256"
                  }
                ],
                "blocked_encryption_types": [],
                "bucket_key_enabled": false
              }
            ]
          },
          "sensitive_attributes": [],
          "identity_schema_version": 1,
          "identity": {
            "account_id": "469659252241",
            "bucket": "awsconfigconforms-org-delivery-469659252241",
            "region": "us-east-1"
          },
          "private": "bnVsbA==",
          "dependencies": [
            "aws_organizations_account.log_archive",
            "aws_organizations_organization.org",
            "aws_organizations_organizational_unit.security",
            "aws_s3_bucket.org_conformance_pack_delivery"
          ]
        }
      ]
    },
    {
      "mode": "managed",
      "type": "aws_securityhub_account",
      "name": "management",
      "provider": "provider[\"registry.terraform.io/hashicorp/aws\"]",
      "instances": [
        {
          "schema_version": 1,
          "attributes": {
            "arn": "arn:aws:securityhub:us-east-1:079390753901:hub/default",
            "auto_enable_controls": true,
            "control_finding_generator": "SECURITY_CONTROL",
            "enable_default_standards": true,
            "id": "079390753901",
            "region": "us-east-1"
          },
          "sensitive_attributes": [],
          "identity_schema_version": 0,
          "private": "eyJzY2hlbWFfdmVyc2lvbiI6IjEifQ=="
        }
      ]
    },
    {
      "mode": "managed",
      "type": "aws_securityhub_organization_admin_account",
      "name": "org_admin",
      "provider": "provider[\"registry.terraform.io/hashicorp/aws\"]",
      "instances": [
        {
          "schema_version": 0,
          "attributes": {
            "admin_account_id": "469659252241",
            "id": "469659252241",
            "region": "us-east-1"
          },
          "sensitive_attributes": [],
          "identity_schema_version": 0,
          "private": "bnVsbA==",
          "dependencies": [
            "aws_organizations_account.log_archive",
            "aws_organizations_organization.org",
            "aws_organizations_organizational_unit.security",
            "aws_securityhub_account.management"
          ]
        }
      ]
    },
    {
      "mode": "managed",
      "type": "aws_securityhub_organization_configuration",
      "name": "org_config",
      "provider": "provider[\"registry.terraform.io/hashicorp/aws\"].log_archive",
      "instances": [
        {
          "schema_version": 0,
          "attributes": {
            "auto_enable": true,
            "auto_enable_standards": "NONE",
            "id": "469659252241",
            "organization_configuration": [
              {
                "configuration_type": "LOCAL"
              }
            ],
            "region": "us-east-1",
            "timeouts": null
          },
          "sensitive_attributes": [],
          "identity_schema_version": 0,
          "private": "eyJlMmJmYjczMC1lY2FhLTExZTYtOGY4OC0zNDM2M2JjN2M0YzAiOnsiY3JlYXRlIjoxODAwMDAwMDAwMDAsImRlbGV0ZSI6MTgwMDAwMDAwMDAwLCJ1cGRhdGUiOjE4MDAwMDAwMDAwMH19",
          "dependencies": [
            "aws_organizations_account.log_archive",
            "aws_organizations_organization.org",
            "aws_organizations_organizational_unit.security",
            "aws_securityhub_account.management",
            "aws_securityhub_organization_admin_account.org_admin"
          ]
        }
      ]
    },
    {
      "mode": "managed",
      "type": "aws_securityhub_standards_subscription",
      "name": "nist_800_53_r5",
      "provider": "provider[\"registry.terraform.io/hashicorp/aws\"].log_archive",
      "instances": [
        {
          "schema_version": 0,
          "attributes": {
            "id": "arn:aws:securityhub:us-east-1:469659252241:subscription/nist-800-53/v/5.0.0",
            "region": "us-east-1",
            "standards_arn": "arn:aws:securityhub:us-east-1::standards/nist-800-53/v/5.0.0",
            "timeouts": null
          },
          "sensitive_attributes": [],
          "identity_schema_version": 0,
          "private": "eyJlMmJmYjczMC1lY2FhLTExZTYtOGY4OC0zNDM2M2JjN2M0YzAiOnsiY3JlYXRlIjoxODAwMDAwMDAwMDAsImRlbGV0ZSI6MTgwMDAwMDAwMDAwfX0=",
          "dependencies": [
            "aws_organizations_account.log_archive",
            "aws_organizations_organization.org",
            "aws_organizations_organizational_unit.security",
            "aws_securityhub_account.management",
            "aws_securityhub_organization_admin_account.org_admin",
            "aws_securityhub_organization_configuration.org_config"
          ]
        }
      ]
    },
    {
      "mode": "managed",
      "type": "aws_ssoadmin_account_assignment",
      "name": "log_archive_admin",
      "provider": "provider[\"registry.terraform.io/hashicorp/aws\"]",
      "instances": [
        {
          "schema_version": 0,
          "attributes": {
            "id": "84f84498-1041-7010-4b82-f5cd7e5a9dc3,USER,469659252241,AWS_ACCOUNT,arn:aws:sso:::permissionSet/ssoins-7223f8c584d3b2cf/ps-72231dcf040558de,arn:aws:sso:::instance/ssoins-7223f8c584d3b2cf",
            "instance_arn": "arn:aws:sso:::instance/ssoins-7223f8c584d3b2cf",
            "permission_set_arn": "arn:aws:sso:::permissionSet/ssoins-7223f8c584d3b2cf/ps-72231dcf040558de",
            "principal_id": "84f84498-1041-7010-4b82-f5cd7e5a9dc3",
            "principal_type": "USER",
            "region": "us-east-1",
            "target_id": "469659252241",
            "target_type": "AWS_ACCOUNT",
            "timeouts": null
          },
          "sensitive_attributes": [],
          "identity_schema_version": 0,
          "private": "eyJlMmJmYjczMC1lY2FhLTExZTYtOGY4OC0zNDM2M2JjN2M0YzAiOnsiY3JlYXRlIjozMDAwMDAwMDAwMDAsImRlbGV0ZSI6MzAwMDAwMDAwMDAwfX0=",
          "dependencies": [
            "aws_organizations_account.log_archive",
            "aws_organizations_organization.org",
            "aws_organizations_organizational_unit.security",
            "aws_ssoadmin_permission_set.admin_access",
            "data.aws_identitystore_user.admin_user",
            "data.aws_ssoadmin_instances.main"
          ]
        }
      ]
    },
    {
      "mode": "managed",
      "type": "aws_ssoadmin_managed_policy_attachment",
      "name": "admin_policy",
      "provider": "provider[\"registry.terraform.io/hashicorp/aws\"]",
      "instances": [
        {
          "schema_version": 0,
          "attributes": {
            "id": "arn:aws:iam::aws:policy/AdministratorAccess,arn:aws:sso:::permissionSet/ssoins-7223f8c584d3b2cf/ps-72231dcf040558de,arn:aws:sso:::instance/ssoins-7223f8c584d3b2cf",
            "instance_arn": "arn:aws:sso:::instance/ssoins-7223f8c584d3b2cf",
            "managed_policy_arn": "arn:aws:iam::aws:policy/AdministratorAccess",
            "managed_policy_name": "AdministratorAccess",
            "permission_set_arn": "arn:aws:sso:::permissionSet/ssoins-7223f8c584d3b2cf/ps-72231dcf040558de",
            "region": "us-east-1",
            "timeouts": null
          },
          "sensitive_attributes": [],
          "identity_schema_version": 0,
          "private": "eyJlMmJmYjczMC1lY2FhLTExZTYtOGY4OC0zNDM2M2JjN2M0YzAiOnsiY3JlYXRlIjo2MDAwMDAwMDAwMDAsImRlbGV0ZSI6NjAwMDAwMDAwMDAwfX0=",
          "dependencies": [
            "aws_ssoadmin_permission_set.admin_access",
            "data.aws_ssoadmin_instances.main"
          ]
        }
      ]
    },
    {
      "mode": "managed",
      "type": "aws_ssoadmin_permission_set",
      "name": "admin_access",
      "provider": "provider[\"registry.terraform.io/hashicorp/aws\"]",
      "instances": [
        {
          "schema_version": 0,
          "attributes": {
            "arn": "arn:aws:sso:::permissionSet/ssoins-7223f8c584d3b2cf/ps-72231dcf040558de",
            "created_date": "2026-02-25T22:59:16Z",
            "description": "Full administrative access to manage centralized logging and security tools",
            "id": "arn:aws:sso:::permissionSet/ssoins-7223f8c584d3b2cf/ps-72231dcf040558de,arn:aws:sso:::instance/ssoins-7223f8c584d3b2cf",
            "instance_arn": "arn:aws:sso:::instance/ssoins-7223f8c584d3b2cf",
            "name": "LogArchiveAdministrator",
            "region": "us-east-1",
            "relay_state": "",
            "session_duration": "PT8H",
            "tags": {},
            "tags_all": {},
            "timeouts": null
          },
          "sensitive_attributes": [],
          "identity_schema_version": 0,
          "private": "eyJlMmJmYjczMC1lY2FhLTExZTYtOGY4OC0zNDM2M2JjN2M0YzAiOnsidXBkYXRlIjo2MDAwMDAwMDAwMDB9fQ==",
          "dependencies": [
            "data.aws_ssoadmin_instances.main"
          ]
        }
      ]
    },
    {
      "mode": "managed",
      "type": "time_sleep",
      "name": "wait_for_account_iam",
      "provider": "provider[\"registry.terraform.io/hashicorp/time\"]",
      "instances": [
        {
          "schema_version": 0,
          "attributes": {
            "create_duration": "2m",
            "destroy_duration": null,
            "id": "2026-02-25T01:05:18Z",
            "triggers": null
          },
          "sensitive_attributes": [],
          "identity_schema_version": 0,
          "dependencies": [
            "aws_organizations_account.log_archive",
            "aws_organizations_organization.org",
            "aws_organizations_organizational_unit.security"
          ]
        }
      ]
    },
    {
      "mode": "managed",
      "type": "time_sleep",
      "name": "wait_for_security_account_iam",
      "provider": "provider[\"registry.terraform.io/hashicorp/time\"]",
      "instances": [
        {
          "schema_version": 0,
          "attributes": {
            "create_duration": "2m",
            "destroy_duration": null,
            "id": "2026-04-07T01:52:50Z",
            "triggers": null
          },
          "sensitive_attributes": [],
          "identity_schema_version": 0,
          "dependencies": [
            "aws_organizations_account.security_tooling",
            "aws_organizations_organization.org",
            "aws_organizations_organizational_unit.security"
          ]
        }
      ]
    },
    {
      "module": "module.log_archive_baseline",
      "mode": "managed",
      "type": "aws_cloudwatch_event_rule",
      "name": "guardduty_rule",
      "provider": "provider[\"registry.terraform.io/hashicorp/aws\"].log_archive",
      "instances": [
        {
          "schema_version": 1,
          "attributes": {
            "arn": "arn:aws:events:us-east-1:469659252241:rule/log-archive-guardduty-findings",
            "description": "Capture GuardDuty Findings",
            "event_bus_name": "default",
            "event_pattern": "{\"detail-type\":[\"GuardDuty Finding\"],\"source\":[\"aws.guardduty\"]}",
            "force_destroy": false,
            "id": "log-archive-guardduty-findings",
            "is_enabled": true,
            "name": "log-archive-guardduty-findings",
            "name_prefix": "",
            "region": "us-east-1",
            "role_arn": "",
            "schedule_expression": "",
            "state": "ENABLED",
            "tags": {},
            "tags_all": {}
          },
          "sensitive_attributes": [],
          "identity_schema_version": 0,
          "identity": {
            "account_id": "469659252241",
            "name": "log-archive-guardduty-findings",
            "region": "us-east-1"
          },
          "private": "eyJzY2hlbWFfdmVyc2lvbiI6IjEifQ==",
          "dependencies": [
            "aws_organizations_account.log_archive",
            "aws_organizations_organization.org",
            "aws_organizations_organizational_unit.security"
          ]
        }
      ]
    },
    {
      "module": "module.log_archive_baseline",
      "mode": "managed",
      "type": "aws_cloudwatch_event_target",
      "name": "guardduty_target",
      "provider": "provider[\"registry.terraform.io/hashicorp/aws\"].log_archive",
      "instances": [
        {
          "schema_version": 1,
          "attributes": {
            "appsync_target": [],
            "arn": "arn:aws:logs:us-east-1:469659252241:log-group:/aws/events/guardduty/log-archive",
            "batch_target": [],
            "dead_letter_config": [],
            "ecs_target": [],
            "event_bus_name": "default",
            "force_destroy": false,
            "http_target": [],
            "id": "log-archive-guardduty-findings-terraform-20260225011719331300000002",
            "input": "",
            "input_path": "",
            "input_transformer": [],
            "kinesis_target": [],
            "redshift_target": [],
            "region": "us-east-1",
            "retry_policy": [],
            "role_arn": "",
            "rule": "log-archive-guardduty-findings",
            "run_command_targets": [],
            "sagemaker_pipeline_target": [],
            "sqs_target": [],
            "target_id": "terraform-20260225011719331300000002"
          },
          "sensitive_attributes": [],
          "identity_schema_version": 0,
          "identity": {
            "account_id": "469659252241",
            "event_bus_name": "default",
            "region": "us-east-1",
            "rule": "log-archive-guardduty-findings",
            "target_id": "terraform-20260225011719331300000002"
          },
          "private": "eyJzY2hlbWFfdmVyc2lvbiI6IjEifQ=="
        }
      ]
    },
    {
      "module": "module.log_archive_baseline",
      "mode": "managed",
      "type": "aws_cloudwatch_log_group",
      "name": "guardduty_logs",
      "provider": "provider[\"registry.terraform.io/hashicorp/aws\"].log_archive",
      "instances": [
        {
          "schema_version": 0,
          "attributes": {
            "arn": "arn:aws:logs:us-east-1:469659252241:log-group:/aws/events/guardduty/log-archive",
            "deletion_protection_enabled": false,
            "id": "/aws/events/guardduty/log-archive",
            "kms_key_id": "arn:aws:kms:us-east-1:469659252241:key/076540f3-1d41-4604-b16f-0b5948f54fe7",
            "log_group_class": "STANDARD",
            "name": "/aws/events/guardduty/log-archive",
            "name_prefix": "",
            "region": "us-east-1",
            "retention_in_days": 90,
            "skip_destroy": false,
            "tags": {},
            "tags_all": {}
          },
          "sensitive_attributes": [],
          "identity_schema_version": 0,
          "identity": {
            "account_id": "469659252241",
            "name": "/aws/events/guardduty/log-archive",
            "region": "us-east-1"
          },
          "private": "bnVsbA==",
          "dependencies": [
            "aws_kms_key.central_log_key",
            "aws_organizations_account.log_archive",
            "aws_organizations_organization.org",
            "aws_organizations_organizational_unit.security",
            "data.aws_caller_identity.current",
            "data.aws_iam_policy_document.central_log_key_policy"
          ]
        }
      ]
    },
    {
      "module": "module.log_archive_baseline",
      "mode": "managed",
      "type": "aws_cloudwatch_log_group",
      "name": "vpc_flow_logs",
      "provider": "provider[\"registry.terraform.io/hashicorp/aws\"].log_archive",
      "instances": [
        {
          "schema_version": 0,
          "attributes": {
            "arn": "arn:aws:logs:us-east-1:469659252241:log-group:/aws/vpc-flow-logs/log-archive",
            "deletion_protection_enabled": false,
            "id": "/aws/vpc-flow-logs/log-archive",
            "kms_key_id": "arn:aws:kms:us-east-1:469659252241:key/076540f3-1d41-4604-b16f-0b5948f54fe7",
            "log_group_class": "STANDARD",
            "name": "/aws/vpc-flow-logs/log-archive",
            "name_prefix": "",
            "region": "us-east-1",
            "retention_in_days": 90,
            "skip_destroy": false,
            "tags": {},
            "tags_all": {}
          },
          "sensitive_attributes": [],
          "identity_schema_version": 0,
          "identity": {
            "account_id": "469659252241",
            "name": "/aws/vpc-flow-logs/log-archive",
            "region": "us-east-1"
          },
          "private": "bnVsbA==",
          "dependencies": [
            "aws_kms_key.central_log_key",
            "aws_organizations_account.log_archive",
            "aws_organizations_organization.org",
            "aws_organizations_organizational_unit.security",
            "data.aws_caller_identity.current",
            "data.aws_iam_policy_document.central_log_key_policy"
          ]
        }
      ]
    },
    {
      "module": "module.log_archive_baseline",
      "mode": "managed",
      "type": "aws_cloudwatch_log_resource_policy",
      "name": "events_to_cwl",
      "provider": "provider[\"registry.terraform.io/hashicorp/aws\"].log_archive",
      "instances": [
        {
          "schema_version": 0,
          "attributes": {
            "id": "LogArchiveEventBridgeToCWL",
            "policy_document": "{\"Statement\":[{\"Action\":[\"logs:CreateLogStream\",\"logs:PutLogEvents\"],\"Effect\":\"Allow\",\"Principal\":{\"Service\":\"events.amazonaws.com\"},\"Resource\":\"arn:aws:logs:us-east-1:469659252241:log-group:/aws/events/guardduty/log-archive:*\"}],\"Version\":\"2012-10-17\"}",
            "policy_name": "LogArchiveEventBridgeToCWL",
            "region": "us-east-1"
          },
          "sensitive_attributes": [],
          "identity_schema_version": 0,
          "private": "bnVsbA=="
        }
      ]
    },
    {
      "module": "module.log_archive_baseline",
      "mode": "managed",
      "type": "aws_config_configuration_recorder",
      "name": "recorder",
      "provider": "provider[\"registry.terraform.io/hashicorp/aws\"].log_archive",
      "instances": [
        {
          "schema_version": 0,
          "attributes": {
            "id": "log-archive-config-recorder",
            "name": "log-archive-config-recorder",
            "recording_group": [
              {
                "all_supported": true,
                "exclusion_by_resource_types": [
                  {
                    "resource_types": []
                  }
                ],
                "include_global_resource_types": true,
                "recording_strategy": [
                  {
                    "use_only": "ALL_SUPPORTED_RESOURCE_TYPES"
                  }
                ],
                "resource_types": []
              }
            ],
            "recording_mode": [
              {
                "recording_frequency": "CONTINUOUS",
                "recording_mode_override": []
              }
            ],
            "region": "us-east-1",
            "role_arn": "arn:aws:iam::469659252241:role/AWSConfigRoleLogArchive"
          },
          "sensitive_attributes": [],
          "identity_schema_version": 0,
          "private": "bnVsbA=="
        }
      ]
    },
    {
      "module": "module.log_archive_baseline",
      "mode": "managed",
      "type": "aws_config_configuration_recorder_status",
      "name": "status",
      "provider": "provider[\"registry.terraform.io/hashicorp/aws\"].log_archive",
      "instances": [
        {
          "schema_version": 0,
          "attributes": {
            "id": "log-archive-config-recorder",
            "is_enabled": true,
            "name": "log-archive-config-recorder",
            "region": "us-east-1"
          },
          "sensitive_attributes": [],
          "identity_schema_version": 0,
          "private": "bnVsbA=="
        }
      ]
    },
    {
      "module": "module.log_archive_baseline",
      "mode": "managed",
      "type": "aws_config_delivery_channel",
      "name": "delivery",
      "provider": "provider[\"registry.terraform.io/hashicorp/aws\"].log_archive",
      "instances": [
        {
          "schema_version": 0,
          "attributes": {
            "id": "log-archive-config-delivery",
            "name": "log-archive-config-delivery",
            "region": "us-east-1",
            "s3_bucket_name": "awsconfigconforms-org-delivery-469659252241",
            "s3_key_prefix": "",
            "s3_kms_key_arn": "",
            "snapshot_delivery_properties": [],
            "sns_topic_arn": ""
          },
          "sensitive_attributes": [],
          "identity_schema_version": 0,
          "private": "bnVsbA=="
        }
      ]
    },
    {
      "module": "module.log_archive_baseline",
      "mode": "managed",
      "type": "aws_ebs_default_kms_key",
      "name": "default",
      "provider": "provider[\"registry.terraform.io/hashicorp/aws\"].log_archive",
      "instances": [
        {
          "schema_version": 0,
          "attributes": {
            "id": "arn:aws:kms:us-east-1:469659252241:key/3f06dd20-ea38-4e25-8bed-c55610b65b29",
            "key_arn": "arn:aws:kms:us-east-1:469659252241:key/3f06dd20-ea38-4e25-8bed-c55610b65b29",
            "region": "us-east-1"
          },
          "sensitive_attributes": [],
          "identity_schema_version": 0,
          "private": "bnVsbA=="
        }
      ]
    },
    {
      "module": "module.log_archive_baseline",
      "mode": "managed",
      "type": "aws_ebs_encryption_by_default",
      "name": "baseline",
      "provider": "provider[\"registry.terraform.io/hashicorp/aws\"].log_archive",
      "instances": [
        {
          "schema_version": 0,
          "attributes": {
            "enabled": true,
            "id": "terraform-20260225010318415700000001",
            "region": "us-east-1"
          },
          "sensitive_attributes": [],
          "identity_schema_version": 0,
          "private": "bnVsbA==",
          "dependencies": [
            "aws_organizations_account.log_archive",
            "aws_organizations_organization.org",
            "aws_organizations_organizational_unit.security",
            "time_sleep.wait_for_account_iam"
          ]
        }
      ]
    },
    {
      "module": "module.log_archive_baseline",
      "mode": "managed",
      "type": "aws_flow_log",
      "name": "vpc_flow_log",
      "provider": "provider[\"registry.terraform.io/hashicorp/aws\"].log_archive",
      "instances": [
        {
          "schema_version": 1,
          "attributes": {
            "arn": "arn:aws:ec2:us-east-1:469659252241:vpc-flow-log/fl-020044dc73cdd996c",
            "deliver_cross_account_role": "",
            "destination_options": [],
            "eni_id": null,
            "iam_role_arn": "arn:aws:iam::469659252241:role/LogArchiveVPCFlowLogsRole",
            "id": "fl-020044dc73cdd996c",
            "log_destination": "arn:aws:logs:us-east-1:469659252241:log-group:/aws/vpc-flow-logs/log-archive",
            "log_destination_type": "cloud-watch-logs",
            "log_format": "${version} ${account-id} ${interface-id} ${srcaddr} ${dstaddr} ${srcport} ${dstport} ${protocol} ${packets} ${bytes} ${start} ${end} ${action} ${log-status}",
            "max_aggregation_interval": 600,
            "region": "us-east-1",
            "regional_nat_gateway_id": null,
            "subnet_id": null,
            "tags": {},
            "tags_all": {},
            "traffic_type": "ALL",
            "transit_gateway_attachment_id": null,
            "transit_gateway_id": null,
            "vpc_id": "vpc-0eca16e72315a8ac7"
          },
          "sensitive_attributes": [],
          "identity_schema_version": 0,
          "private": "eyJzY2hlbWFfdmVyc2lvbiI6IjEifQ=="
        }
      ]
    },
    {
      "module": "module.log_archive_baseline",
      "mode": "managed",
      "type": "aws_guardduty_detector",
      "name": "detector",
      "provider": "provider[\"registry.terraform.io/hashicorp/aws\"].log_archive",
      "instances": [
        {
          "schema_version": 0,
          "attributes": {
            "account_id": "469659252241",
            "arn": "arn:aws:guardduty:us-east-1:469659252241:detector/66ce492930de92a7b667dcfe6add2331",
            "datasources": [
              {
                "kubernetes": [
                  {
                    "audit_logs": [
                      {
                        "enable": true
                      }
                    ]
                  }
                ],
                "malware_protection": [
                  {
                    "scan_ec2_instance_with_findings": [
                      {
                        "ebs_volumes": [
                          {
                            "enable": true
                          }
                        ]
                      }
                    ]
                  }
                ],
                "s3_logs": [
                  {
                    "enable": true
                  }
                ]
              }
            ],
            "enable": true,
            "finding_publishing_frequency": "SIX_HOURS",
            "id": "66ce492930de92a7b667dcfe6add2331",
            "region": "us-east-1",
            "tags": {},
            "tags_all": {}
          },
          "sensitive_attributes": [],
          "identity_schema_version": 0,
          "private": "bnVsbA==",
          "dependencies": [
            "aws_organizations_account.log_archive",
            "aws_organizations_organization.org",
            "aws_organizations_organizational_unit.security"
          ]
        }
      ]
    },
    {
      "module": "module.log_archive_baseline",
      "mode": "managed",
      "type": "aws_iam_role",
      "name": "config_role",
      "provider": "provider[\"registry.terraform.io/hashicorp/aws\"].log_archive",
      "instances": [
        {
          "schema_version": 0,
          "attributes": {
            "arn": "arn:aws:iam::469659252241:role/AWSConfigRoleLogArchive",
            "assume_role_policy": "{\"Statement\":[{\"Action\":\"sts:AssumeRole\",\"Effect\":\"Allow\",\"Principal\":{\"Service\":\"config.amazonaws.com\"}}],\"Version\":\"2012-10-17\"}",
            "create_date": "2026-02-25T02:21:09Z",
            "description": "",
            "force_detach_policies": false,
            "id": "AWSConfigRoleLogArchive",
            "inline_policy": [],
            "managed_policy_arns": [
              "arn:aws:iam::aws:policy/service-role/AWS_ConfigRole"
            ],
            "max_session_duration": 3600,
            "name": "AWSConfigRoleLogArchive",
            "name_prefix": "",
            "path": "/",
            "permissions_boundary": "",
            "tags": {},
            "tags_all": {},
            "unique_id": "AROAW2WO7OYIYUCR7IOAO"
          },
          "sensitive_attributes": [],
          "identity_schema_version": 0,
          "identity": {
            "account_id": "469659252241",
            "name": "AWSConfigRoleLogArchive"
          },
          "private": "bnVsbA==",
          "dependencies": [
            "aws_organizations_account.log_archive",
            "aws_organizations_organization.org",
            "aws_organizations_organizational_unit.security"
          ]
        }
      ]
    },
    {
      "module": "module.log_archive_baseline",
      "mode": "managed",
      "type": "aws_iam_role",
      "name": "flow_logs_role",
      "provider": "provider[\"registry.terraform.io/hashicorp/aws\"].log_archive",
      "instances": [
        {
          "schema_version": 0,
          "attributes": {
            "arn": "arn:aws:iam::469659252241:role/LogArchiveVPCFlowLogsRole",
            "assume_role_policy": "{\"Statement\":[{\"Action\":\"sts:AssumeRole\",\"Effect\":\"Allow\",\"Principal\":{\"Service\":\"vpc-flow-logs.amazonaws.com\"}}],\"Version\":\"2012-10-17\"}",
            "create_date": "2026-02-25T01:03:18Z",
            "description": "",
            "force_detach_policies": false,
            "id": "LogArchiveVPCFlowLogsRole",
            "inline_policy": [
              {
                "name": "LogArchiveVPCFlowLogsPolicy",
                "policy": "{\"Version\":\"2012-10-17\",\"Statement\":[{\"Action\":[\"logs:CreateLogStream\",\"logs:PutLogEvents\"],\"Effect\":\"Allow\",\"Resource\":\"arn:aws:logs:us-east-1:469659252241:log-group:/aws/vpc-flow-logs/log-archive:*\"}]}"
              }
            ],
            "managed_policy_arns": [],
            "max_session_duration": 3600,
            "name": "LogArchiveVPCFlowLogsRole",
            "name_prefix": "",
            "path": "/",
            "permissions_boundary": "",
            "tags": {},
            "tags_all": {},
            "unique_id": "AROAW2WO7OYIZ6CNJXORD"
          },
          "sensitive_attributes": [],
          "identity_schema_version": 0,
          "identity": {
            "account_id": "469659252241",
            "name": "LogArchiveVPCFlowLogsRole"
          },
          "private": "bnVsbA==",
          "dependencies": [
            "aws_organizations_account.log_archive",
            "aws_organizations_organization.org",
            "aws_organizations_organizational_unit.security"
          ]
        }
      ]
    },
    {
      "module": "module.log_archive_baseline",
      "mode": "managed",
      "type": "aws_iam_role_policy",
      "name": "flow_logs_policy",
      "provider": "provider[\"registry.terraform.io/hashicorp/aws\"].log_archive",
      "instances": [
        {
          "schema_version": 0,
          "attributes": {
            "id": "LogArchiveVPCFlowLogsRole:LogArchiveVPCFlowLogsPolicy",
            "name": "LogArchiveVPCFlowLogsPolicy",
            "name_prefix": "",
            "policy": "{\"Version\":\"2012-10-17\",\"Statement\":[{\"Action\":[\"logs:CreateLogStream\",\"logs:PutLogEvents\"],\"Effect\":\"Allow\",\"Resource\":\"arn:aws:logs:us-east-1:469659252241:log-group:/aws/vpc-flow-logs/log-archive:*\"}]}",
            "role": "LogArchiveVPCFlowLogsRole"
          },
          "sensitive_attributes": [],
          "identity_schema_version": 0,
          "identity": {
            "account_id": "469659252241",
            "name": "LogArchiveVPCFlowLogsPolicy",
            "role": "LogArchiveVPCFlowLogsRole"
          },
          "private": "bnVsbA=="
        }
      ]
    },
    {
      "module": "module.log_archive_baseline",
      "mode": "managed",
      "type": "aws_iam_role_policy_attachment",
      "name": "config_policy_attach",
      "provider": "provider[\"registry.terraform.io/hashicorp/aws\"].log_archive",
      "instances": [
        {
          "schema_version": 0,
          "attributes": {
            "id": "AWSConfigRoleLogArchive/arn:aws:iam::aws:policy/service-role/AWS_ConfigRole",
            "policy_arn": "arn:aws:iam::aws:policy/service-role/AWS_ConfigRole",
            "role": "AWSConfigRoleLogArchive"
          },
          "sensitive_attributes": [],
          "identity_schema_version": 0,
          "identity": {
            "account_id": "469659252241",
            "policy_arn": "arn:aws:iam::aws:policy/service-role/AWS_ConfigRole",
            "role": "AWSConfigRoleLogArchive"
          },
          "private": "bnVsbA=="
        }
      ]
    },
    {
      "module": "module.log_archive_baseline",
      "mode": "managed",
      "type": "aws_kms_alias",
      "name": "storage_key_alias",
      "provider": "provider[\"registry.terraform.io/hashicorp/aws\"].log_archive",
      "instances": [
        {
          "schema_version": 0,
          "attributes": {
            "arn": "arn:aws:kms:us-east-1:469659252241:alias/log-archive-storage-key",
            "id": "alias/log-archive-storage-key",
            "name": "alias/log-archive-storage-key",
            "name_prefix": "",
            "region": "us-east-1",
            "target_key_arn": "arn:aws:kms:us-east-1:469659252241:key/3f06dd20-ea38-4e25-8bed-c55610b65b29",
            "target_key_id": "3f06dd20-ea38-4e25-8bed-c55610b65b29"
          },
          "sensitive_attributes": [],
          "identity_schema_version": 0,
          "identity": {
            "account_id": "469659252241",
            "name": "alias/log-archive-storage-key",
            "region": "us-east-1"
          },
          "private": "bnVsbA=="
        }
      ]
    },
    {
      "module": "module.log_archive_baseline",
      "mode": "managed",
      "type": "aws_kms_key",
      "name": "storage_key",
      "provider": "provider[\"registry.terraform.io/hashicorp/aws\"].log_archive",
      "instances": [
        {
          "schema_version": 0,
          "attributes": {
            "arn": "arn:aws:kms:us-east-1:469659252241:key/3f06dd20-ea38-4e25-8bed-c55610b65b29",
            "bypass_policy_lockout_safety_check": false,
            "custom_key_store_id": "",
            "customer_master_key_spec": "SYMMETRIC_DEFAULT",
            "deletion_window_in_days": 30,
            "description": "CMK for general storage (EBS, S3, RDS) in Log Archive Account",
            "enable_key_rotation": true,
            "id": "3f06dd20-ea38-4e25-8bed-c55610b65b29",
            "is_enabled": true,
            "key_id": "3f06dd20-ea38-4e25-8bed-c55610b65b29",
            "key_usage": "ENCRYPT_DECRYPT",
            "multi_region": false,
            "policy": "{\"Statement\":[{\"Action\":\"kms:*\",\"Effect\":\"Allow\",\"Principal\":{\"AWS\":\"arn:aws:iam::469659252241:root\"},\"Resource\":\"*\",\"Sid\":\"Enable IAM User Permissions\"}],\"Version\":\"2012-10-17\"}",
            "region": "us-east-1",
            "rotation_period_in_days": 365,
            "tags": {},
            "tags_all": {},
            "timeouts": null,
            "xks_key_id": ""
          },
          "sensitive_attributes": [],
          "identity_schema_version": 0,
          "identity": {
            "account_id": "469659252241",
            "id": "3f06dd20-ea38-4e25-8bed-c55610b65b29",
            "region": "us-east-1"
          },
          "private": "eyJlMmJmYjczMC1lY2FhLTExZTYtOGY4OC0zNDM2M2JjN2M0YzAiOnsiY3JlYXRlIjoxMjAwMDAwMDAwMDB9fQ==",
          "dependencies": [
            "aws_organizations_account.log_archive",
            "aws_organizations_organization.org",
            "aws_organizations_organizational_unit.security",
            "data.aws_iam_policy_document.log_archive_storage_key_policy"
          ]
        }
      ]
    },
    {
      "module": "module.log_archive_baseline",
      "mode": "managed",
      "type": "aws_route_table",
      "name": "isolated_rt",
      "provider": "provider[\"registry.terraform.io/hashicorp/aws\"].log_archive",
      "instances": [
        {
          "schema_version": 0,
          "attributes": {
            "arn": "arn:aws:ec2:us-east-1:469659252241:route-table/rtb-0c7b47736f6ec64c6",
            "id": "rtb-0c7b47736f6ec64c6",
            "owner_id": "469659252241",
            "propagating_vgws": [],
            "region": "us-east-1",
            "route": [],
            "tags": {},
            "tags_all": {},
            "timeouts": null,
            "vpc_id": "vpc-0eca16e72315a8ac7"
          },
          "sensitive_attributes": [],
          "identity_schema_version": 0,
          "identity": {
            "account_id": "469659252241",
            "id": "rtb-0c7b47736f6ec64c6",
            "region": "us-east-1"
          },
          "private": "eyJlMmJmYjczMC1lY2FhLTExZTYtOGY4OC0zNDM2M2JjN2M0YzAiOnsiY3JlYXRlIjozMDAwMDAwMDAwMDAsImRlbGV0ZSI6MzAwMDAwMDAwMDAwLCJ1cGRhdGUiOjEyMDAwMDAwMDAwMH19"
        }
      ]
    },
    {
      "module": "module.log_archive_baseline",
      "mode": "managed",
      "type": "aws_route_table_association",
      "name": "isolated_rta",
      "provider": "provider[\"registry.terraform.io/hashicorp/aws\"].log_archive",
      "instances": [
        {
          "schema_version": 0,
          "attributes": {
            "gateway_id": "",
            "id": "rtbassoc-086b3a88be212d4fa",
            "region": "us-east-1",
            "route_table_id": "rtb-0c7b47736f6ec64c6",
            "subnet_id": "subnet-0ddf1388a80c95a15",
            "timeouts": null
          },
          "sensitive_attributes": [],
          "identity_schema_version": 0,
          "private": "eyJlMmJmYjczMC1lY2FhLTExZTYtOGY4OC0zNDM2M2JjN2M0YzAiOnsiY3JlYXRlIjozMDAwMDAwMDAwMDAsImRlbGV0ZSI6MzAwMDAwMDAwMDAwLCJ1cGRhdGUiOjEyMDAwMDAwMDAwMH19"
        }
      ]
    },
    {
      "module": "module.log_archive_baseline",
      "mode": "managed",
      "type": "aws_s3_account_public_access_block",
      "name": "baseline",
      "provider": "provider[\"registry.terraform.io/hashicorp/aws\"].log_archive",
      "instances": [
        {
          "schema_version": 0,
          "attributes": {
            "account_id": "469659252241",
            "block_public_acls": true,
            "block_public_policy": true,
            "id": "469659252241",
            "ignore_public_acls": true,
            "restrict_public_buckets": true
          },
          "sensitive_attributes": [],
          "identity_schema_version": 0,
          "identity": {
            "account_id": "469659252241"
          },
          "private": "bnVsbA==",
          "dependencies": [
            "aws_organizations_account.log_archive",
            "aws_organizations_organization.org",
            "aws_organizations_organizational_unit.security",
            "time_sleep.wait_for_account_iam"
          ]
        }
      ]
    },
    {
      "module": "module.log_archive_baseline",
      "mode": "managed",
      "type": "aws_subnet",
      "name": "isolated_subnet",
      "provider": "provider[\"registry.terraform.io/hashicorp/aws\"].log_archive",
      "instances": [
        {
          "schema_version": 1,
          "attributes": {
            "arn": "arn:aws:ec2:us-east-1:469659252241:subnet/subnet-0ddf1388a80c95a15",
            "assign_ipv6_address_on_creation": false,
            "availability_zone": "us-east-1c",
            "availability_zone_id": "use1-az4",
            "cidr_block": "10.1.1.0/24",
            "customer_owned_ipv4_pool": "",
            "enable_dns64": false,
            "enable_lni_at_device_index": 0,
            "enable_resource_name_dns_a_record_on_launch": false,
            "enable_resource_name_dns_aaaa_record_on_launch": false,
            "id": "subnet-0ddf1388a80c95a15",
            "ipv4_ipam_pool_id": null,
            "ipv4_netmask_length": null,
            "ipv6_cidr_block": "",
            "ipv6_cidr_block_association_id": "",
            "ipv6_ipam_pool_id": null,
            "ipv6_native": false,
            "ipv6_netmask_length": null,
            "map_customer_owned_ip_on_launch": false,
            "map_public_ip_on_launch": false,
            "outpost_arn": "",
            "owner_id": "469659252241",
            "private_dns_hostname_type_on_launch": "ip-name",
            "region": "us-east-1",
            "tags": {},
            "tags_all": {},
            "timeouts": null,
            "vpc_id": "vpc-0eca16e72315a8ac7"
          },
          "sensitive_attributes": [],
          "identity_schema_version": 0,
          "identity": {
            "account_id": "469659252241",
            "id": "subnet-0ddf1388a80c95a15",
            "region": "us-east-1"
          },
          "private": "eyJlMmJmYjczMC1lY2FhLTExZTYtOGY4OC0zNDM2M2JjN2M0YzAiOnsiY3JlYXRlIjo2MDAwMDAwMDAwMDAsImRlbGV0ZSI6MTIwMDAwMDAwMDAwMH0sInNjaGVtYV92ZXJzaW9uIjoiMSJ9"
        }
      ]
    },
    {
      "module": "module.log_archive_baseline",
      "mode": "managed",
      "type": "aws_vpc",
      "name": "vpc",
      "provider": "provider[\"registry.terraform.io/hashicorp/aws\"].log_archive",
      "instances": [
        {
          "schema_version": 1,
          "attributes": {
            "arn": "arn:aws:ec2:us-east-1:469659252241:vpc/vpc-0eca16e72315a8ac7",
            "assign_generated_ipv6_cidr_block": false,
            "cidr_block": "10.1.0.0/16",
            "default_network_acl_id": "acl-09160e43642131629",
            "default_route_table_id": "rtb-018c4f0a2c59e6850",
            "default_security_group_id": "sg-0c8f464ac61a67cc2",
            "dhcp_options_id": "dopt-068abca1a72e7d7f9",
            "enable_dns_hostnames": true,
            "enable_dns_support": true,
            "enable_network_address_usage_metrics": false,
            "id": "vpc-0eca16e72315a8ac7",
            "instance_tenancy": "default",
            "ipv4_ipam_pool_id": null,
            "ipv4_netmask_length": null,
            "ipv6_association_id": "",
            "ipv6_cidr_block": "",
            "ipv6_cidr_block_network_border_group": "",
            "ipv6_ipam_pool_id": "",
            "ipv6_netmask_length": 0,
            "main_route_table_id": "rtb-018c4f0a2c59e6850",
            "owner_id": "469659252241",
            "region": "us-east-1",
            "tags": {},
            "tags_all": {}
          },
          "sensitive_attributes": [],
          "identity_schema_version": 0,
          "identity": {
            "account_id": "469659252241",
            "id": "vpc-0eca16e72315a8ac7",
            "region": "us-east-1"
          },
          "private": "eyJzY2hlbWFfdmVyc2lvbiI6IjEifQ==",
          "dependencies": [
            "aws_organizations_account.log_archive",
            "aws_organizations_organization.org",
            "aws_organizations_organizational_unit.security"
          ]
        }
      ]
    },
    {
      "module": "module.log_archive_baseline",
      "mode": "managed",
      "type": "aws_vpc_endpoint",
      "name": "dynamodb_gateway",
      "provider": "provider[\"registry.terraform.io/hashicorp/aws\"].log_archive",
      "instances": [
        {
          "schema_version": 0,
          "attributes": {
            "arn": "arn:aws:ec2:us-east-1:469659252241:vpc-endpoint/vpce-0906408404c073ccb",
            "auto_accept": null,
            "cidr_blocks": [
              "35.71.70.0/24",
              "3.218.182.0/24",
              "3.218.180.0/23",
              "35.71.68.0/23",
              "52.94.0.0/22",
              "52.119.224.0/20"
            ],
            "dns_entry": [],
            "dns_options": [
              {
                "dns_record_ip_type": "service-defined",
                "private_dns_only_for_inbound_resolver_endpoint": false,
                "private_dns_preference": "",
                "private_dns_specified_domains": []
              }
            ],
            "id": "vpce-0906408404c073ccb",
            "ip_address_type": "ipv4",
            "network_interface_ids": [],
            "owner_id": "469659252241",
            "policy": "{\"Statement\":[{\"Action\":\"*\",\"Effect\":\"Allow\",\"Principal\":\"*\",\"Resource\":\"*\"}],\"Version\":\"2008-10-17\"}",
            "prefix_list_id": "pl-02cd2c6b",
            "private_dns_enabled": false,
            "region": "us-east-1",
            "requester_managed": false,
            "resource_configuration_arn": "",
            "route_table_ids": [
              "rtb-0c7b47736f6ec64c6"
            ],
            "security_group_ids": [],
            "service_name": "com.amazonaws.us-east-1.dynamodb",
            "service_network_arn": "",
            "service_region": "us-east-1",
            "state": "available",
            "subnet_configuration": [],
            "subnet_ids": [],
            "tags": {},
            "tags_all": {},
            "timeouts": null,
            "vpc_endpoint_type": "Gateway",
            "vpc_id": "vpc-0eca16e72315a8ac7"
          },
          "sensitive_attributes": [],
          "identity_schema_version": 0,
          "identity": {
            "account_id": "469659252241",
            "id": "vpce-0906408404c073ccb",
            "region": "us-east-1"
          },
          "private": "eyJlMmJmYjczMC1lY2FhLTExZTYtOGY4OC0zNDM2M2JjN2M0YzAiOnsiY3JlYXRlIjo2MDAwMDAwMDAwMDAsImRlbGV0ZSI6NjAwMDAwMDAwMDAwLCJ1cGRhdGUiOjYwMDAwMDAwMDAwMH19"
        }
      ]
    },
    {
      "module": "module.log_archive_baseline",
      "mode": "managed",
      "type": "aws_vpc_endpoint",
      "name": "s3_gateway",
      "provider": "provider[\"registry.terraform.io/hashicorp/aws\"].log_archive",
      "instances": [
        {
          "schema_version": 0,
          "attributes": {
            "arn": "arn:aws:ec2:us-east-1:469659252241:vpc-endpoint/vpce-09267875671a07d40",
            "auto_accept": null,
            "cidr_blocks": [
              "16.15.176.0/20",
              "16.182.0.0/16",
              "18.34.0.0/19",
              "52.216.0.0/15",
              "54.231.0.0/16",
              "3.5.0.0/19",
              "18.34.232.0/21",
              "16.15.192.0/18"
            ],
            "dns_entry": [],
            "dns_options": [
              {
                "dns_record_ip_type": "service-defined",
                "private_dns_only_for_inbound_resolver_endpoint": false,
                "private_dns_preference": "",
                "private_dns_specified_domains": []
              }
            ],
            "id": "vpce-09267875671a07d40",
            "ip_address_type": "ipv4",
            "network_interface_ids": [],
            "owner_id": "469659252241",
            "policy": "{\"Statement\":[{\"Action\":\"*\",\"Effect\":\"Allow\",\"Principal\":\"*\",\"Resource\":\"*\"}],\"Version\":\"2008-10-17\"}",
            "prefix_list_id": "pl-63a5400a",
            "private_dns_enabled": false,
            "region": "us-east-1",
            "requester_managed": false,
            "resource_configuration_arn": "",
            "route_table_ids": [
              "rtb-0c7b47736f6ec64c6"
            ],
            "security_group_ids": [],
            "service_name": "com.amazonaws.us-east-1.s3",
            "service_network_arn": "",
            "service_region": "us-east-1",
            "state": "available",
            "subnet_configuration": [],
            "subnet_ids": [],
            "tags": {},
            "tags_all": {},
            "timeouts": null,
            "vpc_endpoint_type": "Gateway",
            "vpc_id": "vpc-0eca16e72315a8ac7"
          },
          "sensitive_attributes": [],
          "identity_schema_version": 0,
          "identity": {
            "account_id": "469659252241",
            "id": "vpce-09267875671a07d40",
            "region": "us-east-1"
          },
          "private": "eyJlMmJmYjczMC1lY2FhLTExZTYtOGY4OC0zNDM2M2JjN2M0YzAiOnsiY3JlYXRlIjo2MDAwMDAwMDAwMDAsImRlbGV0ZSI6NjAwMDAwMDAwMDAwLCJ1cGRhdGUiOjYwMDAwMDAwMDAwMH19"
        }
      ]
    },
    {
      "module": "module.management_baseline",
      "mode": "managed",
      "type": "aws_cloudwatch_event_rule",
      "name": "guardduty_rule",
      "provider": "provider[\"registry.terraform.io/hashicorp/aws\"]",
      "instances": [
        {
          "schema_version": 1,
          "attributes": {
            "arn": "arn:aws:events:us-east-1:079390753901:rule/management-guardduty-findings",
            "description": "Capture GuardDuty Findings",
            "event_bus_name": "default",
            "event_pattern": "{\"detail-type\":[\"GuardDuty Finding\"],\"source\":[\"aws.guardduty\"]}",
            "force_destroy": false,
            "id": "management-guardduty-findings",
            "is_enabled": true,
            "name": "management-guardduty-findings",
            "name_prefix": "",
            "region": "us-east-1",
            "role_arn": "",
            "schedule_expression": "",
            "state": "ENABLED",
            "tags": {},
            "tags_all": {}
          },
          "sensitive_attributes": [],
          "identity_schema_version": 0,
          "identity": {
            "account_id": "079390753901",
            "name": "management-guardduty-findings",
            "region": "us-east-1"
          },
          "private": "eyJzY2hlbWFfdmVyc2lvbiI6IjEifQ=="
        }
      ]
    },
    {
      "module": "module.management_baseline",
      "mode": "managed",
      "type": "aws_cloudwatch_event_target",
      "name": "guardduty_target",
      "provider": "provider[\"registry.terraform.io/hashicorp/aws\"]",
      "instances": [
        {
          "schema_version": 1,
          "attributes": {
            "appsync_target": [],
            "arn": "arn:aws:logs:us-east-1:079390753901:log-group:/aws/events/guardduty/management",
            "batch_target": [],
            "dead_letter_config": [],
            "ecs_target": [],
            "event_bus_name": "default",
            "force_destroy": false,
            "http_target": [],
            "id": "management-guardduty-findings-terraform-20260225011719319200000001",
            "input": "",
            "input_path": "",
            "input_transformer": [],
            "kinesis_target": [],
            "redshift_target": [],
            "region": "us-east-1",
            "retry_policy": [],
            "role_arn": "",
            "rule": "management-guardduty-findings",
            "run_command_targets": [],
            "sagemaker_pipeline_target": [],
            "sqs_target": [],
            "target_id": "terraform-20260225011719319200000001"
          },
          "sensitive_attributes": [],
          "identity_schema_version": 0,
          "identity": {
            "account_id": "079390753901",
            "event_bus_name": "default",
            "region": "us-east-1",
            "rule": "management-guardduty-findings",
            "target_id": "terraform-20260225011719319200000001"
          },
          "private": "eyJzY2hlbWFfdmVyc2lvbiI6IjEifQ=="
        }
      ]
    },
    {
      "module": "module.management_baseline",
      "mode": "managed",
      "type": "aws_cloudwatch_log_group",
      "name": "guardduty_logs",
      "provider": "provider[\"registry.terraform.io/hashicorp/aws\"]",
      "instances": [
        {
          "schema_version": 0,
          "attributes": {
            "arn": "arn:aws:logs:us-east-1:079390753901:log-group:/aws/events/guardduty/management",
            "deletion_protection_enabled": false,
            "id": "/aws/events/guardduty/management",
            "kms_key_id": "arn:aws:kms:us-east-1:469659252241:key/076540f3-1d41-4604-b16f-0b5948f54fe7",
            "log_group_class": "STANDARD",
            "name": "/aws/events/guardduty/management",
            "name_prefix": "",
            "region": "us-east-1",
            "retention_in_days": 90,
            "skip_destroy": false,
            "tags": {},
            "tags_all": {}
          },
          "sensitive_attributes": [],
          "identity_schema_version": 0,
          "identity": {
            "account_id": "079390753901",
            "name": "/aws/events/guardduty/management",
            "region": "us-east-1"
          },
          "private": "bnVsbA==",
          "dependencies": [
            "aws_kms_key.central_log_key",
            "aws_organizations_account.log_archive",
            "aws_organizations_organization.org",
            "aws_organizations_organizational_unit.security",
            "data.aws_caller_identity.current",
            "data.aws_iam_policy_document.central_log_key_policy"
          ]
        }
      ]
    },
    {
      "module": "module.management_baseline",
      "mode": "managed",
      "type": "aws_cloudwatch_log_group",
      "name": "vpc_flow_logs",
      "provider": "provider[\"registry.terraform.io/hashicorp/aws\"]",
      "instances": [
        {
          "schema_version": 0,
          "attributes": {
            "arn": "arn:aws:logs:us-east-1:079390753901:log-group:/aws/vpc-flow-logs/management",
            "deletion_protection_enabled": false,
            "id": "/aws/vpc-flow-logs/management",
            "kms_key_id": "arn:aws:kms:us-east-1:469659252241:key/076540f3-1d41-4604-b16f-0b5948f54fe7",
            "log_group_class": "STANDARD",
            "name": "/aws/vpc-flow-logs/management",
            "name_prefix": "",
            "region": "us-east-1",
            "retention_in_days": 90,
            "skip_destroy": false,
            "tags": {},
            "tags_all": {}
          },
          "sensitive_attributes": [],
          "identity_schema_version": 0,
          "identity": {
            "account_id": "079390753901",
            "name": "/aws/vpc-flow-logs/management",
            "region": "us-east-1"
          },
          "private": "bnVsbA==",
          "dependencies": [
            "aws_kms_key.central_log_key",
            "aws_organizations_account.log_archive",
            "aws_organizations_organization.org",
            "aws_organizations_organizational_unit.security",
            "data.aws_caller_identity.current",
            "data.aws_iam_policy_document.central_log_key_policy"
          ]
        }
      ]
    },
    {
      "module": "module.management_baseline",
      "mode": "managed",
      "type": "aws_cloudwatch_log_resource_policy",
      "name": "events_to_cwl",
      "provider": "provider[\"registry.terraform.io/hashicorp/aws\"]",
      "instances": [
        {
          "schema_version": 0,
          "attributes": {
            "id": "ManagementEventBridgeToCWL",
            "policy_document": "{\"Statement\":[{\"Action\":[\"logs:CreateLogStream\",\"logs:PutLogEvents\"],\"Effect\":\"Allow\",\"Principal\":{\"Service\":\"events.amazonaws.com\"},\"Resource\":\"arn:aws:logs:us-east-1:079390753901:log-group:/aws/events/guardduty/management:*\"}],\"Version\":\"2012-10-17\"}",
            "policy_name": "ManagementEventBridgeToCWL",
            "region": "us-east-1"
          },
          "sensitive_attributes": [],
          "identity_schema_version": 0,
          "private": "bnVsbA=="
        }
      ]
    },
    {
      "module": "module.management_baseline",
      "mode": "managed",
      "type": "aws_config_configuration_recorder",
      "name": "recorder",
      "provider": "provider[\"registry.terraform.io/hashicorp/aws\"]",
      "instances": [
        {
          "schema_version": 0,
          "attributes": {
            "id": "management-config-recorder",
            "name": "management-config-recorder",
            "recording_group": [
              {
                "all_supported": true,
                "exclusion_by_resource_types": [
                  {
                    "resource_types": []
                  }
                ],
                "include_global_resource_types": true,
                "recording_strategy": [
                  {
                    "use_only": "ALL_SUPPORTED_RESOURCE_TYPES"
                  }
                ],
                "resource_types": []
              }
            ],
            "recording_mode": [
              {
                "recording_frequency": "CONTINUOUS",
                "recording_mode_override": []
              }
            ],
            "region": "us-east-1",
            "role_arn": "arn:aws:iam::079390753901:role/AWSConfigRoleManagement"
          },
          "sensitive_attributes": [],
          "identity_schema_version": 0,
          "private": "bnVsbA=="
        }
      ]
    },
    {
      "module": "module.management_baseline",
      "mode": "managed",
      "type": "aws_config_configuration_recorder_status",
      "name": "status",
      "provider": "provider[\"registry.terraform.io/hashicorp/aws\"]",
      "instances": [
        {
          "schema_version": 0,
          "attributes": {
            "id": "management-config-recorder",
            "is_enabled": true,
            "name": "management-config-recorder",
            "region": "us-east-1"
          },
          "sensitive_attributes": [],
          "identity_schema_version": 0,
          "private": "bnVsbA=="
        }
      ]
    },
    {
      "module": "module.management_baseline",
      "mode": "managed",
      "type": "aws_config_delivery_channel",
      "name": "delivery",
      "provider": "provider[\"registry.terraform.io/hashicorp/aws\"]",
      "instances": [
        {
          "schema_version": 0,
          "attributes": {
            "id": "management-config-delivery",
            "name": "management-config-delivery",
            "region": "us-east-1",
            "s3_bucket_name": "awsconfigconforms-org-delivery-469659252241",
            "s3_key_prefix": "",
            "s3_kms_key_arn": "",
            "snapshot_delivery_properties": [],
            "sns_topic_arn": ""
          },
          "sensitive_attributes": [],
          "identity_schema_version": 0,
          "private": "bnVsbA=="
        }
      ]
    },
    {
      "module": "module.management_baseline",
      "mode": "managed",
      "type": "aws_ebs_encryption_by_default",
      "name": "baseline",
      "provider": "provider[\"registry.terraform.io/hashicorp/aws\"]",
      "instances": [
        {
          "schema_version": 0,
          "attributes": {
            "enabled": true,
            "id": "terraform-20260225003707766600000001",
            "region": "us-east-1"
          },
          "sensitive_attributes": [],
          "identity_schema_version": 0,
          "private": "bnVsbA=="
        }
      ]
    },
    {
      "module": "module.management_baseline",
      "mode": "managed",
      "type": "aws_flow_log",
      "name": "vpc_flow_log",
      "provider": "provider[\"registry.terraform.io/hashicorp/aws\"]",
      "instances": [
        {
          "schema_version": 1,
          "attributes": {
            "arn": "arn:aws:ec2:us-east-1:079390753901:vpc-flow-log/fl-0caac520cfcdbc135",
            "deliver_cross_account_role": "",
            "destination_options": [],
            "eni_id": null,
            "iam_role_arn": "arn:aws:iam::079390753901:role/ManagementVPCFlowLogsRole",
            "id": "fl-0caac520cfcdbc135",
            "log_destination": "arn:aws:logs:us-east-1:079390753901:log-group:/aws/vpc-flow-logs/management",
            "log_destination_type": "cloud-watch-logs",
            "log_format": "${version} ${account-id} ${interface-id} ${srcaddr} ${dstaddr} ${srcport} ${dstport} ${protocol} ${packets} ${bytes} ${start} ${end} ${action} ${log-status}",
            "max_aggregation_interval": 600,
            "region": "us-east-1",
            "regional_nat_gateway_id": null,
            "subnet_id": null,
            "tags": {},
            "tags_all": {},
            "traffic_type": "ALL",
            "transit_gateway_attachment_id": null,
            "transit_gateway_id": null,
            "vpc_id": "vpc-0507cfc07a1451a1b"
          },
          "sensitive_attributes": [],
          "identity_schema_version": 0,
          "private": "eyJzY2hlbWFfdmVyc2lvbiI6IjEifQ=="
        }
      ]
    },
    {
      "module": "module.management_baseline",
      "mode": "managed",
      "type": "aws_guardduty_detector",
      "name": "detector",
      "provider": "provider[\"registry.terraform.io/hashicorp/aws\"]",
      "instances": [
        {
          "schema_version": 0,
          "attributes": {
            "account_id": "079390753901",
            "arn": "arn:aws:guardduty:us-east-1:079390753901:detector/a4ce49293034bd2e43b78157ca2640e4",
            "datasources": [
              {
                "kubernetes": [
                  {
                    "audit_logs": [
                      {
                        "enable": true
                      }
                    ]
                  }
                ],
                "malware_protection": [
                  {
                    "scan_ec2_instance_with_findings": [
                      {
                        "ebs_volumes": [
                          {
                            "enable": true
                          }
                        ]
                      }
                    ]
                  }
                ],
                "s3_logs": [
                  {
                    "enable": true
                  }
                ]
              }
            ],
            "enable": true,
            "finding_publishing_frequency": "SIX_HOURS",
            "id": "a4ce49293034bd2e43b78157ca2640e4",
            "region": "us-east-1",
            "tags": {},
            "tags_all": {}
          },
          "sensitive_attributes": [],
          "identity_schema_version": 0,
          "private": "bnVsbA=="
        }
      ]
    },
    {
      "module": "module.management_baseline",
      "mode": "managed",
      "type": "aws_iam_role",
      "name": "config_role",
      "provider": "provider[\"registry.terraform.io/hashicorp/aws\"]",
      "instances": [
        {
          "schema_version": 0,
          "attributes": {
            "arn": "arn:aws:iam::079390753901:role/AWSConfigRoleManagement",
            "assume_role_policy": "{\"Statement\":[{\"Action\":\"sts:AssumeRole\",\"Effect\":\"Allow\",\"Principal\":{\"Service\":\"config.amazonaws.com\"}}],\"Version\":\"2012-10-17\"}",
            "create_date": "2026-02-25T02:21:08Z",
            "description": "",
            "force_detach_policies": false,
            "id": "AWSConfigRoleManagement",
            "inline_policy": [],
            "managed_policy_arns": [
              "arn:aws:iam::aws:policy/service-role/AWS_ConfigRole"
            ],
            "max_session_duration": 3600,
            "name": "AWSConfigRoleManagement",
            "name_prefix": "",
            "path": "/",
            "permissions_boundary": "",
            "tags": {},
            "tags_all": {},
            "unique_id": "AROARE7AOYRW5Y3OVOKSN"
          },
          "sensitive_attributes": [],
          "identity_schema_version": 0,
          "identity": {
            "account_id": "079390753901",
            "name": "AWSConfigRoleManagement"
          },
          "private": "bnVsbA=="
        }
      ]
    },
    {
      "module": "module.management_baseline",
      "mode": "managed",
      "type": "aws_iam_role",
      "name": "flow_logs_role",
      "provider": "provider[\"registry.terraform.io/hashicorp/aws\"]",
      "instances": [
        {
          "schema_version": 0,
          "attributes": {
            "arn": "arn:aws:iam::079390753901:role/ManagementVPCFlowLogsRole",
            "assume_role_policy": "{\"Statement\":[{\"Action\":\"sts:AssumeRole\",\"Effect\":\"Allow\",\"Principal\":{\"Service\":\"vpc-flow-logs.amazonaws.com\"}}],\"Version\":\"2012-10-17\"}",
            "create_date": "2026-02-25T01:03:18Z",
            "description": "",
            "force_detach_policies": false,
            "id": "ManagementVPCFlowLogsRole",
            "inline_policy": [
              {
                "name": "ManagementVPCFlowLogsPolicy",
                "policy": "{\"Version\":\"2012-10-17\",\"Statement\":[{\"Action\":[\"logs:CreateLogStream\",\"logs:PutLogEvents\"],\"Effect\":\"Allow\",\"Resource\":\"arn:aws:logs:us-east-1:079390753901:log-group:/aws/vpc-flow-logs/management:*\"}]}"
              }
            ],
            "managed_policy_arns": [],
            "max_session_duration": 3600,
            "name": "ManagementVPCFlowLogsRole",
            "name_prefix": "",
            "path": "/",
            "permissions_boundary": "",
            "tags": {},
            "tags_all": {},
            "unique_id": "AROARE7AOYRWVZWOTRDO5"
          },
          "sensitive_attributes": [],
          "identity_schema_version": 0,
          "identity": {
            "account_id": "079390753901",
            "name": "ManagementVPCFlowLogsRole"
          },
          "private": "bnVsbA=="
        }
      ]
    },
    {
      "module": "module.management_baseline",
      "mode": "managed",
      "type": "aws_iam_role_policy",
      "name": "flow_logs_policy",
      "provider": "provider[\"registry.terraform.io/hashicorp/aws\"]",
      "instances": [
        {
          "schema_version": 0,
          "attributes": {
            "id": "ManagementVPCFlowLogsRole:ManagementVPCFlowLogsPolicy",
            "name": "ManagementVPCFlowLogsPolicy",
            "name_prefix": "",
            "policy": "{\"Version\":\"2012-10-17\",\"Statement\":[{\"Action\":[\"logs:CreateLogStream\",\"logs:PutLogEvents\"],\"Effect\":\"Allow\",\"Resource\":\"arn:aws:logs:us-east-1:079390753901:log-group:/aws/vpc-flow-logs/management:*\"}]}",
            "role": "ManagementVPCFlowLogsRole"
          },
          "sensitive_attributes": [],
          "identity_schema_version": 0,
          "identity": {
            "account_id": "079390753901",
            "name": "ManagementVPCFlowLogsPolicy",
            "role": "ManagementVPCFlowLogsRole"
          },
          "private": "bnVsbA=="
        }
      ]
    },
    {
      "module": "module.management_baseline",
      "mode": "managed",
      "type": "aws_iam_role_policy_attachment",
      "name": "config_policy_attach",
      "provider": "provider[\"registry.terraform.io/hashicorp/aws\"]",
      "instances": [
        {
          "schema_version": 0,
          "attributes": {
            "id": "AWSConfigRoleManagement/arn:aws:iam::aws:policy/service-role/AWS_ConfigRole",
            "policy_arn": "arn:aws:iam::aws:policy/service-role/AWS_ConfigRole",
            "role": "AWSConfigRoleManagement"
          },
          "sensitive_attributes": [],
          "identity_schema_version": 0,
          "identity": {
            "account_id": "079390753901",
            "policy_arn": "arn:aws:iam::aws:policy/service-role/AWS_ConfigRole",
            "role": "AWSConfigRoleManagement"
          },
          "private": "bnVsbA=="
        }
      ]
    },
    {
      "module": "module.management_baseline",
      "mode": "managed",
      "type": "aws_kms_key",
      "name": "storage_key",
      "provider": "provider[\"registry.terraform.io/hashicorp/aws\"]",
      "instances": [
        {
          "schema_version": 0,
          "attributes": {
            "arn": "arn:aws:kms:us-east-1:079390753901:key/eff5d73d-f356-428f-a036-026a61039807",
            "bypass_policy_lockout_safety_check": false,
            "custom_key_store_id": "",
            "customer_master_key_spec": "SYMMETRIC_DEFAULT",
            "deletion_window_in_days": 30,
            "description": "CMK for general storage (EBS, S3, RDS) in Management Account",
            "enable_key_rotation": true,
            "id": "eff5d73d-f356-428f-a036-026a61039807",
            "is_enabled": true,
            "key_id": "eff5d73d-f356-428f-a036-026a61039807",
            "key_usage": "ENCRYPT_DECRYPT",
            "multi_region": false,
            "policy": "{\"Statement\":[{\"Action\":\"kms:*\",\"Effect\":\"Allow\",\"Principal\":{\"AWS\":\"arn:aws:iam::079390753901:root\"},\"Resource\":\"*\",\"Sid\":\"Enable IAM User Permissions\"}],\"Version\":\"2012-10-17\"}",
            "region": "us-east-1",
            "rotation_period_in_days": 365,
            "tags": null,
            "tags_all": {},
            "timeouts": null,
            "xks_key_id": ""
          },
          "sensitive_attributes": [],
          "identity_schema_version": 0,
          "identity": {
            "account_id": "079390753901",
            "id": "eff5d73d-f356-428f-a036-026a61039807",
            "region": "us-east-1"
          },
          "private": "eyJlMmJmYjczMC1lY2FhLTExZTYtOGY4OC0zNDM2M2JjN2M0YzAiOnsiY3JlYXRlIjoxMjAwMDAwMDAwMDB9fQ==",
          "dependencies": [
            "data.aws_caller_identity.current",
            "data.aws_iam_policy_document.management_storage_key_policy"
          ]
        }
      ]
    },
    {
      "module": "module.management_baseline",
      "mode": "managed",
      "type": "aws_s3_account_public_access_block",
      "name": "baseline",
      "provider": "provider[\"registry.terraform.io/hashicorp/aws\"]",
      "instances": [
        {
          "schema_version": 0,
          "attributes": {
            "account_id": "079390753901",
            "block_public_acls": true,
            "block_public_policy": true,
            "id": "079390753901",
            "ignore_public_acls": true,
            "restrict_public_buckets": true
          },
          "sensitive_attributes": [],
          "identity_schema_version": 0,
          "identity": {
            "account_id": "079390753901"
          },
          "private": "bnVsbA=="
        }
      ]
    }
  ],
  "check_results": null
}
